// !$*UTF8*$!
{
	archiveVersion = 1;
	classes = {
	};
	objectVersion = 50;
	objects = {

/* Begin PBXBuildFile section */
		1E1E0A0F242D0513002C4BE0 /* README.md in Resources */ = {isa = PBXBuildFile; fileRef = 1E1E0A0E242D0513002C4BE0 /* README.md */; };
		1E1E0A11242D15F8002C4BE0 /* LICENSE in Resources */ = {isa = PBXBuildFile; fileRef = 1E1E0A10242D15F8002C4BE0 /* LICENSE */; };
		1E1E0A36242E7F53002C4BE0 /* AppDelegate.swift in Sources */ = {isa = PBXBuildFile; fileRef = 1E7C652524255BA000D97089 /* AppDelegate.swift */; };
		1E1E0A38242E7F53002C4BE0 /* JabberwockyHTKit.framework in Frameworks */ = {isa = PBXBuildFile; fileRef = 1E7C63F12424090A00D97089 /* JabberwockyHTKit.framework */; };
		1E1E0A3A242E7F53002C4BE0 /* Assets.xcassets in Resources */ = {isa = PBXBuildFile; fileRef = 1E7C652E24255BA200D97089 /* Assets.xcassets */; };
		1E1E0A3B242E7F53002C4BE0 /* LaunchScreen.storyboard in Resources */ = {isa = PBXBuildFile; fileRef = 1E7C653F2425701400D97089 /* LaunchScreen.storyboard */; };
		1E1E0A3D242E7F53002C4BE0 /* JabberwockyHTKit.framework in Embed Frameworks */ = {isa = PBXBuildFile; fileRef = 1E7C63F12424090A00D97089 /* JabberwockyHTKit.framework */; settings = {ATTRIBUTES = (CodeSignOnCopy, RemoveHeadersOnCopy, ); }; };
		1E1E0A45242E8035002C4BE0 /* JabberwockyHTKit.h in Headers */ = {isa = PBXBuildFile; fileRef = 1E7C63F42424090A00D97089 /* JabberwockyHTKit.h */; settings = {ATTRIBUTES = (Public, ); }; };
		1E1E0A47242E8035002C4BE0 /* CountdownView.swift in Sources */ = {isa = PBXBuildFile; fileRef = 1E7C643924240A0200D97089 /* CountdownView.swift */; };
		1E1E0A48242E8035002C4BE0 /* CursorToggleButton.swift in Sources */ = {isa = PBXBuildFile; fileRef = 1E7C643B24240A0200D97089 /* CursorToggleButton.swift */; };
		1E1E0A49242E8035002C4BE0 /* Array+Chunks.swift in Sources */ = {isa = PBXBuildFile; fileRef = 1E7C645D24240A0200D97089 /* Array+Chunks.swift */; };
		1E1E0A4A242E8035002C4BE0 /* InMemorySettings.swift in Sources */ = {isa = PBXBuildFile; fileRef = 1E7C641C24240A0100D97089 /* InMemorySettings.swift */; };
		1E1E0A4B242E8035002C4BE0 /* CursorGlassView.swift in Sources */ = {isa = PBXBuildFile; fileRef = 1E7C643D24240A0200D97089 /* CursorGlassView.swift */; };
		1E1E0A4C242E8035002C4BE0 /* NSNotification+Keyboard.swift in Sources */ = {isa = PBXBuildFile; fileRef = 1E7C645624240A0200D97089 /* NSNotification+Keyboard.swift */; };
		1E1E0A4D242E8035002C4BE0 /* FocusableFacadeView.swift in Sources */ = {isa = PBXBuildFile; fileRef = 1E7C641024240A0100D97089 /* FocusableFacadeView.swift */; };
		1E1E0A4E242E8035002C4BE0 /* ImmutableDefaultSettings.swift in Sources */ = {isa = PBXBuildFile; fileRef = 1E7C641A24240A0100D97089 /* ImmutableDefaultSettings.swift */; };
		1E1E0A4F242E8035002C4BE0 /* StatusBarNotificationBanner.swift in Sources */ = {isa = PBXBuildFile; fileRef = 1E7C644224240A0200D97089 /* StatusBarNotificationBanner.swift */; };
		1E1E0A50242E8035002C4BE0 /* TooltipGlassView.swift in Sources */ = {isa = PBXBuildFile; fileRef = 1E7C643E24240A0200D97089 /* TooltipGlassView.swift */; };
		1E1E0A51242E8035002C4BE0 /* HTDwellTime.swift in Sources */ = {isa = PBXBuildFile; fileRef = 1E7C641724240A0100D97089 /* HTDwellTime.swift */; };
		1E1E0A52242E8035002C4BE0 /* FaceMeshView.swift in Sources */ = {isa = PBXBuildFile; fileRef = 1E7C643724240A0200D97089 /* FaceMeshView.swift */; };
		1E1E0A53242E8035002C4BE0 /* HTKeyboard.swift in Sources */ = {isa = PBXBuildFile; fileRef = 1E7C642224240A0100D97089 /* HTKeyboard.swift */; };
		1E1E0A54242E8035002C4BE0 /* Cursor.swift in Sources */ = {isa = PBXBuildFile; fileRef = 1E7C646924240A0200D97089 /* Cursor.swift */; };
		1E1E0A55242E8035002C4BE0 /* HTAnalytics.swift in Sources */ = {isa = PBXBuildFile; fileRef = 1E7C647324240A0200D97089 /* HTAnalytics.swift */; };
		1E1E0A56242E8035002C4BE0 /* CursorBlinkClickFeature.swift in Sources */ = {isa = PBXBuildFile; fileRef = 1E7C64DF24251C1C00D97089 /* CursorBlinkClickFeature.swift */; };
		1E1E0A57242E8035002C4BE0 /* ClickAnimator.swift in Sources */ = {isa = PBXBuildFile; fileRef = 1E7C646B24240A0200D97089 /* ClickAnimator.swift */; };
		1E1E0A58242E8035002C4BE0 /* StoredSettings.swift in Sources */ = {isa = PBXBuildFile; fileRef = 1E7C642324240A0100D97089 /* StoredSettings.swift */; };
		1E1E0A59242E8035002C4BE0 /* HTFocusable.swift in Sources */ = {isa = PBXBuildFile; fileRef = 1E7C640E24240A0100D97089 /* HTFocusable.swift */; };
		1E1E0A5A242E8035002C4BE0 /* EgressWarningFeature.swift in Sources */ = {isa = PBXBuildFile; fileRef = 1E7C644C24240A0200D97089 /* EgressWarningFeature.swift */; };
		1E1E0A5B242E8035002C4BE0 /* FaceMeshFeature.swift in Sources */ = {isa = PBXBuildFile; fileRef = 1E7C644924240A0200D97089 /* FaceMeshFeature.swift */; };
		1E1E0A5C242E8035002C4BE0 /* BannerPositionFrame.swift in Sources */ = {isa = PBXBuildFile; fileRef = 1E7C644024240A0200D97089 /* BannerPositionFrame.swift */; };
		1E1E0A5D242E8035002C4BE0 /* HTDefaultAnalytics.swift in Sources */ = {isa = PBXBuildFile; fileRef = 1E7C647224240A0200D97089 /* HTDefaultAnalytics.swift */; };
		1E1E0A5E242E8035002C4BE0 /* TransformAnimator.swift in Sources */ = {isa = PBXBuildFile; fileRef = 1E7C646C24240A0200D97089 /* TransformAnimator.swift */; };
		1E1E0A5F242E8035002C4BE0 /* DeviceTypeUtilities.swift in Sources */ = {isa = PBXBuildFile; fileRef = 1E7C643424240A0100D97089 /* DeviceTypeUtilities.swift */; };
		1E1E0A60242E8035002C4BE0 /* HTSettings.swift in Sources */ = {isa = PBXBuildFile; fileRef = 1E7C641E24240A0100D97089 /* HTSettings.swift */; };
		1E1E0A61242E8035002C4BE0 /* HeadTracking.swift in Sources */ = {isa = PBXBuildFile; fileRef = 1E7C641B24240A0100D97089 /* HeadTracking.swift */; };
		1E1E0A62242E8035002C4BE0 /* FocusableGlassView.swift in Sources */ = {isa = PBXBuildFile; fileRef = 1E7C640D24240A0100D97089 /* FocusableGlassView.swift */; };
		1E1E0A63242E8035002C4BE0 /* NSNotification+Cursor.swift in Sources */ = {isa = PBXBuildFile; fileRef = 1E7C645424240A0200D97089 /* NSNotification+Cursor.swift */; };
		1E1E0A64242E8035002C4BE0 /* UIViewController+DefaultScroll.swift in Sources */ = {isa = PBXBuildFile; fileRef = 1E7C646324240A0200D97089 /* UIViewController+DefaultScroll.swift */; };
		1E1E0A65242E8035002C4BE0 /* HTFeatureUtils.swift in Sources */ = {isa = PBXBuildFile; fileRef = 1E7C644E24240A0200D97089 /* HTFeatureUtils.swift */; };
		1E1E0A66242E8035002C4BE0 /* CursorDrawFeature.swift in Sources */ = {isa = PBXBuildFile; fileRef = 1E7C644A24240A0200D97089 /* CursorDrawFeature.swift */; };
		1E1E0A67242E8035002C4BE0 /* WordDrawGraphics.swift in Sources */ = {isa = PBXBuildFile; fileRef = 1E7C646E24240A0200D97089 /* WordDrawGraphics.swift */; };
		1E1E0A68242E8035002C4BE0 /* HTAlertController.swift in Sources */ = {isa = PBXBuildFile; fileRef = 1E7C641324240A0100D97089 /* HTAlertController.swift */; };
		1E1E0A69242E8035002C4BE0 /* HTCursorSensitivity.swift in Sources */ = {isa = PBXBuildFile; fileRef = 1E7C642124240A0100D97089 /* HTCursorSensitivity.swift */; };
		1E1E0A6A242E8035002C4BE0 /* CursorScrollFeature.swift in Sources */ = {isa = PBXBuildFile; fileRef = 1E7C644624240A0200D97089 /* CursorScrollFeature.swift */; };
		1E1E0A6B242E8035002C4BE0 /* CursorMenuWindow.swift in Sources */ = {isa = PBXBuildFile; fileRef = 1E7C642924240A0100D97089 /* CursorMenuWindow.swift */; };
		1E1E0A6C242E8035002C4BE0 /* CursorMenuFeature.swift in Sources */ = {isa = PBXBuildFile; fileRef = 1E7C645024240A0200D97089 /* CursorMenuFeature.swift */; };
		1E1E0A6D242E8035002C4BE0 /* HTWindows.swift in Sources */ = {isa = PBXBuildFile; fileRef = 1E7C641924240A0100D97089 /* HTWindows.swift */; };
		1E1E0A6E242E8035002C4BE0 /* BannerWarningsFeature.swift in Sources */ = {isa = PBXBuildFile; fileRef = 1E7C644F24240A0200D97089 /* BannerWarningsFeature.swift */; };
		1E1E0A6F242E8035002C4BE0 /* CursorDwellClickFeature.swift in Sources */ = {isa = PBXBuildFile; fileRef = 1E7C64DD24251C0F00D97089 /* CursorDwellClickFeature.swift */; };
		1E1E0A70242E8035002C4BE0 /* CursorClickAssistFeature.swift in Sources */ = {isa = PBXBuildFile; fileRef = 1E7C644D24240A0200D97089 /* CursorClickAssistFeature.swift */; };
		1E1E0A71242E8035002C4BE0 /* CursorEffectsWindow.swift in Sources */ = {isa = PBXBuildFile; fileRef = 1E7C642A24240A0100D97089 /* CursorEffectsWindow.swift */; };
		1E1E0A72242E8035002C4BE0 /* UIView+Subviews.swift in Sources */ = {isa = PBXBuildFile; fileRef = 1E7C646424240A0200D97089 /* UIView+Subviews.swift */; };
		1E1E0A73242E8035002C4BE0 /* NotificationBannerQueue.swift in Sources */ = {isa = PBXBuildFile; fileRef = 1E7C644424240A0200D97089 /* NotificationBannerQueue.swift */; };
		1E1E0A74242E8035002C4BE0 /* UICollectionViewCell+Focusable.swift in Sources */ = {isa = PBXBuildFile; fileRef = 1E7C641124240A0100D97089 /* UICollectionViewCell+Focusable.swift */; };
		1E1E0A75242E8035002C4BE0 /* HTBlinkSensitivity.swift in Sources */ = {isa = PBXBuildFile; fileRef = 1E7C641D24240A0100D97089 /* HTBlinkSensitivity.swift */; };
		1E1E0A76242E8035002C4BE0 /* Pulsator.swift in Sources */ = {isa = PBXBuildFile; fileRef = 1E7C647024240A0200D97089 /* Pulsator.swift */; };
		1E1E0A77242E8035002C4BE0 /* CursorDrawWindow.swift in Sources */ = {isa = PBXBuildFile; fileRef = 1E7C642B24240A0100D97089 /* CursorDrawWindow.swift */; };
		1E1E0A78242E8035002C4BE0 /* UIView+FirstResponder.swift in Sources */ = {isa = PBXBuildFile; fileRef = 1E7C645B24240A0200D97089 /* UIView+FirstResponder.swift */; };
		1E1E0A79242E8035002C4BE0 /* CursorTooltipFeature.swift in Sources */ = {isa = PBXBuildFile; fileRef = 1E7C645124240A0200D97089 /* CursorTooltipFeature.swift */; };
		1E1E0A7A242E8035002C4BE0 /* FaceMeshWindow.swift in Sources */ = {isa = PBXBuildFile; fileRef = 1E7C642C24240A0100D97089 /* FaceMeshWindow.swift */; };
		1E1E0A7B242E8035002C4BE0 /* CursorRecalibrationFeature.swift in Sources */ = {isa = PBXBuildFile; fileRef = 1E7C65412425B2B100D97089 /* CursorRecalibrationFeature.swift */; };
		1E1E0A7C242E8035002C4BE0 /* UIScrollView+ManualScroll.swift in Sources */ = {isa = PBXBuildFile; fileRef = 1E7C645A24240A0200D97089 /* UIScrollView+ManualScroll.swift */; };
		1E1E0A7D242E8035002C4BE0 /* ImageCursor.swift in Sources */ = {isa = PBXBuildFile; fileRef = 1E7C646824240A0200D97089 /* ImageCursor.swift */; };
		1E1E0A7E242E8035002C4BE0 /* HTFeature.swift in Sources */ = {isa = PBXBuildFile; fileRef = 1E7C644B24240A0200D97089 /* HTFeature.swift */; };
		1E1E0A7F242E8035002C4BE0 /* HTLayout.swift in Sources */ = {isa = PBXBuildFile; fileRef = 1E7C641F24240A0100D97089 /* HTLayout.swift */; };
		1E1E0A80242E8035002C4BE0 /* BannerStyle.swift in Sources */ = {isa = PBXBuildFile; fileRef = 1E7C644124240A0200D97089 /* BannerStyle.swift */; };
		1E1E0A81242E8035002C4BE0 /* HTCursor.swift in Sources */ = {isa = PBXBuildFile; fileRef = 1E7C642024240A0100D97089 /* HTCursor.swift */; };
		1E1E0A82242E8035002C4BE0 /* UITableViewCell+Focusable.swift in Sources */ = {isa = PBXBuildFile; fileRef = 1E7C640F24240A0100D97089 /* UITableViewCell+Focusable.swift */; };
		1E1E0A83242E8035002C4BE0 /* ClickAssistWindow.swift in Sources */ = {isa = PBXBuildFile; fileRef = 1E7C642D24240A0100D97089 /* ClickAssistWindow.swift */; };
		1E1E0A84242E8035002C4BE0 /* CursorIdleFeature.swift in Sources */ = {isa = PBXBuildFile; fileRef = 1E7C644824240A0200D97089 /* CursorIdleFeature.swift */; };
		1E1E0A85242E8035002C4BE0 /* UIControl+Focusable.swift in Sources */ = {isa = PBXBuildFile; fileRef = 1E7C640C24240A0100D97089 /* UIControl+Focusable.swift */; };
		1E1E0A86242E8035002C4BE0 /* HTThemes.swift in Sources */ = {isa = PBXBuildFile; fileRef = 1E7C641824240A0100D97089 /* HTThemes.swift */; };
		1E1E0A87242E8035002C4BE0 /* CursorToggleView.swift in Sources */ = {isa = PBXBuildFile; fileRef = 1E7C643C24240A0200D97089 /* CursorToggleView.swift */; };
		1E1E0A88242E8035002C4BE0 /* ChargingTimer.swift in Sources */ = {isa = PBXBuildFile; fileRef = 1E7C643024240A0100D97089 /* ChargingTimer.swift */; };
		1E1E0A89242E8035002C4BE0 /* CameraWindow.swift in Sources */ = {isa = PBXBuildFile; fileRef = 1E7C642824240A0100D97089 /* CameraWindow.swift */; };
		1E1E0A8A242E8035002C4BE0 /* UIBezierPath+LineThroughPoints.swift in Sources */ = {isa = PBXBuildFile; fileRef = 1E7C646124240A0200D97089 /* UIBezierPath+LineThroughPoints.swift */; };
		1E1E0A8B242E8035002C4BE0 /* UIWindow+TopViewController.swift in Sources */ = {isa = PBXBuildFile; fileRef = 1E7C645E24240A0200D97089 /* UIWindow+TopViewController.swift */; };
		1E1E0A8C242E8035002C4BE0 /* UIFont+Traits.swift in Sources */ = {isa = PBXBuildFile; fileRef = 1E7C646524240A0200D97089 /* UIFont+Traits.swift */; };
		1E1E0A8D242E8035002C4BE0 /* HTSounds.swift in Sources */ = {isa = PBXBuildFile; fileRef = 1E7C641624240A0100D97089 /* HTSounds.swift */; };
		1E1E0A8E242E8035002C4BE0 /* BaseNotificationBanner.swift in Sources */ = {isa = PBXBuildFile; fileRef = 1E7C644324240A0200D97089 /* BaseNotificationBanner.swift */; };
		1E1E0A91242E8035002C4BE0 /* README.md in Resources */ = {isa = PBXBuildFile; fileRef = 1E1E0A0E242D0513002C4BE0 /* README.md */; };
		1E1E0A92242E8035002C4BE0 /* CursorAssets.xcassets in Resources */ = {isa = PBXBuildFile; fileRef = 1E7C642624240A0100D97089 /* CursorAssets.xcassets */; };
		1E1E0A93242E8035002C4BE0 /* LICENSE in Resources */ = {isa = PBXBuildFile; fileRef = 1E1E0A10242D15F8002C4BE0 /* LICENSE */; };
		1E1E0A94242E8035002C4BE0 /* Models.scnassets in Resources */ = {isa = PBXBuildFile; fileRef = 1E7C642524240A0100D97089 /* Models.scnassets */; };
		1E1E0A9E242E8098002C4BE0 /* AppDelegate.swift in Sources */ = {isa = PBXBuildFile; fileRef = 1E7C652524255BA000D97089 /* AppDelegate.swift */; };
		1E1E0AA0242E8098002C4BE0 /* JabberwockyHTKit.framework in Frameworks */ = {isa = PBXBuildFile; fileRef = 1E7C63F12424090A00D97089 /* JabberwockyHTKit.framework */; };
		1E1E0AA2242E8098002C4BE0 /* Assets.xcassets in Resources */ = {isa = PBXBuildFile; fileRef = 1E7C652E24255BA200D97089 /* Assets.xcassets */; };
		1E1E0AA3242E8098002C4BE0 /* LaunchScreen.storyboard in Resources */ = {isa = PBXBuildFile; fileRef = 1E7C653F2425701400D97089 /* LaunchScreen.storyboard */; };
		1E1E0AA5242E8098002C4BE0 /* JabberwockyHTKit.framework in Embed Frameworks */ = {isa = PBXBuildFile; fileRef = 1E7C63F12424090A00D97089 /* JabberwockyHTKit.framework */; settings = {ATTRIBUTES = (CodeSignOnCopy, RemoveHeadersOnCopy, ); }; };
		1E7C64022424090A00D97089 /* JabberwockyHTKit.h in Headers */ = {isa = PBXBuildFile; fileRef = 1E7C63F42424090A00D97089 /* JabberwockyHTKit.h */; settings = {ATTRIBUTES = (Public, ); }; };
		1E7C647424240A0200D97089 /* UIControl+Focusable.swift in Sources */ = {isa = PBXBuildFile; fileRef = 1E7C640C24240A0100D97089 /* UIControl+Focusable.swift */; };
		1E7C647524240A0200D97089 /* FocusableGlassView.swift in Sources */ = {isa = PBXBuildFile; fileRef = 1E7C640D24240A0100D97089 /* FocusableGlassView.swift */; };
		1E7C647624240A0200D97089 /* HTFocusable.swift in Sources */ = {isa = PBXBuildFile; fileRef = 1E7C640E24240A0100D97089 /* HTFocusable.swift */; };
		1E7C647724240A0200D97089 /* UITableViewCell+Focusable.swift in Sources */ = {isa = PBXBuildFile; fileRef = 1E7C640F24240A0100D97089 /* UITableViewCell+Focusable.swift */; };
		1E7C647824240A0200D97089 /* FocusableFacadeView.swift in Sources */ = {isa = PBXBuildFile; fileRef = 1E7C641024240A0100D97089 /* FocusableFacadeView.swift */; };
		1E7C647924240A0200D97089 /* UICollectionViewCell+Focusable.swift in Sources */ = {isa = PBXBuildFile; fileRef = 1E7C641124240A0100D97089 /* UICollectionViewCell+Focusable.swift */; };
		1E7C647A24240A0200D97089 /* HTAlertController.swift in Sources */ = {isa = PBXBuildFile; fileRef = 1E7C641324240A0100D97089 /* HTAlertController.swift */; };
		1E7C647C24240A0200D97089 /* HTSounds.swift in Sources */ = {isa = PBXBuildFile; fileRef = 1E7C641624240A0100D97089 /* HTSounds.swift */; };
		1E7C647D24240A0200D97089 /* HTDwellTime.swift in Sources */ = {isa = PBXBuildFile; fileRef = 1E7C641724240A0100D97089 /* HTDwellTime.swift */; };
		1E7C647E24240A0200D97089 /* HTThemes.swift in Sources */ = {isa = PBXBuildFile; fileRef = 1E7C641824240A0100D97089 /* HTThemes.swift */; };
		1E7C647F24240A0200D97089 /* HTWindows.swift in Sources */ = {isa = PBXBuildFile; fileRef = 1E7C641924240A0100D97089 /* HTWindows.swift */; };
		1E7C648024240A0200D97089 /* ImmutableDefaultSettings.swift in Sources */ = {isa = PBXBuildFile; fileRef = 1E7C641A24240A0100D97089 /* ImmutableDefaultSettings.swift */; };
		1E7C648124240A0200D97089 /* HeadTracking.swift in Sources */ = {isa = PBXBuildFile; fileRef = 1E7C641B24240A0100D97089 /* HeadTracking.swift */; };
		1E7C648224240A0200D97089 /* InMemorySettings.swift in Sources */ = {isa = PBXBuildFile; fileRef = 1E7C641C24240A0100D97089 /* InMemorySettings.swift */; };
		1E7C648324240A0200D97089 /* HTBlinkSensitivity.swift in Sources */ = {isa = PBXBuildFile; fileRef = 1E7C641D24240A0100D97089 /* HTBlinkSensitivity.swift */; };
		1E7C648424240A0200D97089 /* HTSettings.swift in Sources */ = {isa = PBXBuildFile; fileRef = 1E7C641E24240A0100D97089 /* HTSettings.swift */; };
		1E7C648524240A0200D97089 /* HTLayout.swift in Sources */ = {isa = PBXBuildFile; fileRef = 1E7C641F24240A0100D97089 /* HTLayout.swift */; };
		1E7C648624240A0200D97089 /* HTCursor.swift in Sources */ = {isa = PBXBuildFile; fileRef = 1E7C642024240A0100D97089 /* HTCursor.swift */; };
		1E7C648724240A0200D97089 /* HTCursorSensitivity.swift in Sources */ = {isa = PBXBuildFile; fileRef = 1E7C642124240A0100D97089 /* HTCursorSensitivity.swift */; };
		1E7C648824240A0200D97089 /* HTKeyboard.swift in Sources */ = {isa = PBXBuildFile; fileRef = 1E7C642224240A0100D97089 /* HTKeyboard.swift */; };
		1E7C648924240A0200D97089 /* StoredSettings.swift in Sources */ = {isa = PBXBuildFile; fileRef = 1E7C642324240A0100D97089 /* StoredSettings.swift */; };
		1E7C648A24240A0200D97089 /* Models.scnassets in Resources */ = {isa = PBXBuildFile; fileRef = 1E7C642524240A0100D97089 /* Models.scnassets */; };
		1E7C648B24240A0200D97089 /* CursorAssets.xcassets in Resources */ = {isa = PBXBuildFile; fileRef = 1E7C642624240A0100D97089 /* CursorAssets.xcassets */; };
		1E7C648C24240A0200D97089 /* CameraWindow.swift in Sources */ = {isa = PBXBuildFile; fileRef = 1E7C642824240A0100D97089 /* CameraWindow.swift */; };
		1E7C648D24240A0200D97089 /* CursorMenuWindow.swift in Sources */ = {isa = PBXBuildFile; fileRef = 1E7C642924240A0100D97089 /* CursorMenuWindow.swift */; };
		1E7C648E24240A0200D97089 /* CursorEffectsWindow.swift in Sources */ = {isa = PBXBuildFile; fileRef = 1E7C642A24240A0100D97089 /* CursorEffectsWindow.swift */; };
		1E7C648F24240A0200D97089 /* CursorDrawWindow.swift in Sources */ = {isa = PBXBuildFile; fileRef = 1E7C642B24240A0100D97089 /* CursorDrawWindow.swift */; };
		1E7C649024240A0200D97089 /* FaceMeshWindow.swift in Sources */ = {isa = PBXBuildFile; fileRef = 1E7C642C24240A0100D97089 /* FaceMeshWindow.swift */; };
		1E7C649124240A0200D97089 /* ClickAssistWindow.swift in Sources */ = {isa = PBXBuildFile; fileRef = 1E7C642D24240A0100D97089 /* ClickAssistWindow.swift */; };
		1E7C649224240A0200D97089 /* ChargingTimer.swift in Sources */ = {isa = PBXBuildFile; fileRef = 1E7C643024240A0100D97089 /* ChargingTimer.swift */; };
		1E7C649424240A0200D97089 /* DeviceTypeUtilities.swift in Sources */ = {isa = PBXBuildFile; fileRef = 1E7C643424240A0100D97089 /* DeviceTypeUtilities.swift */; };
		1E7C649524240A0200D97089 /* FaceMeshView.swift in Sources */ = {isa = PBXBuildFile; fileRef = 1E7C643724240A0200D97089 /* FaceMeshView.swift */; };
		1E7C649624240A0200D97089 /* CountdownView.swift in Sources */ = {isa = PBXBuildFile; fileRef = 1E7C643924240A0200D97089 /* CountdownView.swift */; };
		1E7C649724240A0200D97089 /* CursorToggleButton.swift in Sources */ = {isa = PBXBuildFile; fileRef = 1E7C643B24240A0200D97089 /* CursorToggleButton.swift */; };
		1E7C649824240A0200D97089 /* CursorToggleView.swift in Sources */ = {isa = PBXBuildFile; fileRef = 1E7C643C24240A0200D97089 /* CursorToggleView.swift */; };
		1E7C649924240A0200D97089 /* CursorGlassView.swift in Sources */ = {isa = PBXBuildFile; fileRef = 1E7C643D24240A0200D97089 /* CursorGlassView.swift */; };
		1E7C649A24240A0200D97089 /* TooltipGlassView.swift in Sources */ = {isa = PBXBuildFile; fileRef = 1E7C643E24240A0200D97089 /* TooltipGlassView.swift */; };
		1E7C649B24240A0200D97089 /* BannerPositionFrame.swift in Sources */ = {isa = PBXBuildFile; fileRef = 1E7C644024240A0200D97089 /* BannerPositionFrame.swift */; };
		1E7C649C24240A0200D97089 /* BannerStyle.swift in Sources */ = {isa = PBXBuildFile; fileRef = 1E7C644124240A0200D97089 /* BannerStyle.swift */; };
		1E7C649D24240A0200D97089 /* StatusBarNotificationBanner.swift in Sources */ = {isa = PBXBuildFile; fileRef = 1E7C644224240A0200D97089 /* StatusBarNotificationBanner.swift */; };
		1E7C649E24240A0200D97089 /* BaseNotificationBanner.swift in Sources */ = {isa = PBXBuildFile; fileRef = 1E7C644324240A0200D97089 /* BaseNotificationBanner.swift */; };
		1E7C649F24240A0200D97089 /* NotificationBannerQueue.swift in Sources */ = {isa = PBXBuildFile; fileRef = 1E7C644424240A0200D97089 /* NotificationBannerQueue.swift */; };
		1E7C64A024240A0200D97089 /* CursorScrollFeature.swift in Sources */ = {isa = PBXBuildFile; fileRef = 1E7C644624240A0200D97089 /* CursorScrollFeature.swift */; };
		1E7C64A224240A0200D97089 /* CursorIdleFeature.swift in Sources */ = {isa = PBXBuildFile; fileRef = 1E7C644824240A0200D97089 /* CursorIdleFeature.swift */; };
		1E7C64A324240A0200D97089 /* FaceMeshFeature.swift in Sources */ = {isa = PBXBuildFile; fileRef = 1E7C644924240A0200D97089 /* FaceMeshFeature.swift */; };
		1E7C64A424240A0200D97089 /* CursorDrawFeature.swift in Sources */ = {isa = PBXBuildFile; fileRef = 1E7C644A24240A0200D97089 /* CursorDrawFeature.swift */; };
		1E7C64A524240A0200D97089 /* HTFeature.swift in Sources */ = {isa = PBXBuildFile; fileRef = 1E7C644B24240A0200D97089 /* HTFeature.swift */; };
		1E7C64A624240A0200D97089 /* EgressWarningFeature.swift in Sources */ = {isa = PBXBuildFile; fileRef = 1E7C644C24240A0200D97089 /* EgressWarningFeature.swift */; };
		1E7C64A724240A0200D97089 /* CursorClickAssistFeature.swift in Sources */ = {isa = PBXBuildFile; fileRef = 1E7C644D24240A0200D97089 /* CursorClickAssistFeature.swift */; };
		1E7C64A824240A0200D97089 /* HTFeatureUtils.swift in Sources */ = {isa = PBXBuildFile; fileRef = 1E7C644E24240A0200D97089 /* HTFeatureUtils.swift */; };
		1E7C64A924240A0200D97089 /* BannerWarningsFeature.swift in Sources */ = {isa = PBXBuildFile; fileRef = 1E7C644F24240A0200D97089 /* BannerWarningsFeature.swift */; };
		1E7C64AA24240A0200D97089 /* CursorMenuFeature.swift in Sources */ = {isa = PBXBuildFile; fileRef = 1E7C645024240A0200D97089 /* CursorMenuFeature.swift */; };
		1E7C64AB24240A0200D97089 /* CursorTooltipFeature.swift in Sources */ = {isa = PBXBuildFile; fileRef = 1E7C645124240A0200D97089 /* CursorTooltipFeature.swift */; };
		1E7C64AD24240A0200D97089 /* NSNotification+Cursor.swift in Sources */ = {isa = PBXBuildFile; fileRef = 1E7C645424240A0200D97089 /* NSNotification+Cursor.swift */; };
		1E7C64AF24240A0200D97089 /* NSNotification+Keyboard.swift in Sources */ = {isa = PBXBuildFile; fileRef = 1E7C645624240A0200D97089 /* NSNotification+Keyboard.swift */; };
		1E7C64B224240A0200D97089 /* UIScrollView+ManualScroll.swift in Sources */ = {isa = PBXBuildFile; fileRef = 1E7C645A24240A0200D97089 /* UIScrollView+ManualScroll.swift */; };
		1E7C64B324240A0200D97089 /* UIView+FirstResponder.swift in Sources */ = {isa = PBXBuildFile; fileRef = 1E7C645B24240A0200D97089 /* UIView+FirstResponder.swift */; };
		1E7C64B524240A0200D97089 /* Array+Chunks.swift in Sources */ = {isa = PBXBuildFile; fileRef = 1E7C645D24240A0200D97089 /* Array+Chunks.swift */; };
		1E7C64B624240A0200D97089 /* UIWindow+TopViewController.swift in Sources */ = {isa = PBXBuildFile; fileRef = 1E7C645E24240A0200D97089 /* UIWindow+TopViewController.swift */; };
		1E7C64B924240A0200D97089 /* UIBezierPath+LineThroughPoints.swift in Sources */ = {isa = PBXBuildFile; fileRef = 1E7C646124240A0200D97089 /* UIBezierPath+LineThroughPoints.swift */; };
		1E7C64BB24240A0200D97089 /* UIViewController+DefaultScroll.swift in Sources */ = {isa = PBXBuildFile; fileRef = 1E7C646324240A0200D97089 /* UIViewController+DefaultScroll.swift */; };
		1E7C64BC24240A0200D97089 /* UIView+Subviews.swift in Sources */ = {isa = PBXBuildFile; fileRef = 1E7C646424240A0200D97089 /* UIView+Subviews.swift */; };
		1E7C64BD24240A0200D97089 /* UIFont+Traits.swift in Sources */ = {isa = PBXBuildFile; fileRef = 1E7C646524240A0200D97089 /* UIFont+Traits.swift */; };
		1E7C64BE24240A0200D97089 /* ImageCursor.swift in Sources */ = {isa = PBXBuildFile; fileRef = 1E7C646824240A0200D97089 /* ImageCursor.swift */; };
		1E7C64BF24240A0200D97089 /* Cursor.swift in Sources */ = {isa = PBXBuildFile; fileRef = 1E7C646924240A0200D97089 /* Cursor.swift */; };
		1E7C64C024240A0200D97089 /* ClickAnimator.swift in Sources */ = {isa = PBXBuildFile; fileRef = 1E7C646B24240A0200D97089 /* ClickAnimator.swift */; };
		1E7C64C124240A0200D97089 /* TransformAnimator.swift in Sources */ = {isa = PBXBuildFile; fileRef = 1E7C646C24240A0200D97089 /* TransformAnimator.swift */; };
		1E7C64C224240A0200D97089 /* WordDrawGraphics.swift in Sources */ = {isa = PBXBuildFile; fileRef = 1E7C646E24240A0200D97089 /* WordDrawGraphics.swift */; };
		1E7C64C324240A0200D97089 /* Pulsator.swift in Sources */ = {isa = PBXBuildFile; fileRef = 1E7C647024240A0200D97089 /* Pulsator.swift */; };
		1E7C64C424240A0200D97089 /* HTDefaultAnalytics.swift in Sources */ = {isa = PBXBuildFile; fileRef = 1E7C647224240A0200D97089 /* HTDefaultAnalytics.swift */; };
		1E7C64C524240A0200D97089 /* HTAnalytics.swift in Sources */ = {isa = PBXBuildFile; fileRef = 1E7C647324240A0200D97089 /* HTAnalytics.swift */; };
		1E7C64DE24251C0F00D97089 /* CursorDwellClickFeature.swift in Sources */ = {isa = PBXBuildFile; fileRef = 1E7C64DD24251C0F00D97089 /* CursorDwellClickFeature.swift */; };
		1E7C64E024251C1C00D97089 /* CursorBlinkClickFeature.swift in Sources */ = {isa = PBXBuildFile; fileRef = 1E7C64DF24251C1C00D97089 /* CursorBlinkClickFeature.swift */; };
		1E7C652624255BA000D97089 /* AppDelegate.swift in Sources */ = {isa = PBXBuildFile; fileRef = 1E7C652524255BA000D97089 /* AppDelegate.swift */; };
		1E7C652F24255BA200D97089 /* Assets.xcassets in Resources */ = {isa = PBXBuildFile; fileRef = 1E7C652E24255BA200D97089 /* Assets.xcassets */; };
		1E7C65372425640C00D97089 /* JabberwockyHTKit.framework in Frameworks */ = {isa = PBXBuildFile; fileRef = 1E7C63F12424090A00D97089 /* JabberwockyHTKit.framework */; };
		1E7C65382425640C00D97089 /* JabberwockyHTKit.framework in Embed Frameworks */ = {isa = PBXBuildFile; fileRef = 1E7C63F12424090A00D97089 /* JabberwockyHTKit.framework */; settings = {ATTRIBUTES = (CodeSignOnCopy, RemoveHeadersOnCopy, ); }; };
		1E7C65402425701400D97089 /* LaunchScreen.storyboard in Resources */ = {isa = PBXBuildFile; fileRef = 1E7C653F2425701400D97089 /* LaunchScreen.storyboard */; };
		1E7C65422425B2B100D97089 /* CursorRecalibrationFeature.swift in Sources */ = {isa = PBXBuildFile; fileRef = 1E7C65412425B2B100D97089 /* CursorRecalibrationFeature.swift */; };
/* End PBXBuildFile section */

/* Begin PBXContainerItemProxy section */
		1E1E0A34242E7F53002C4BE0 /* PBXContainerItemProxy */ = {
			isa = PBXContainerItemProxy;
			containerPortal = 1E7C63E82424090A00D97089 /* Project object */;
			proxyType = 1;
			remoteGlobalIDString = 1E7C63F02424090A00D97089;
			remoteInfo = JabberwockyHTKit;
		};
		1E1E0A9C242E8098002C4BE0 /* PBXContainerItemProxy */ = {
			isa = PBXContainerItemProxy;
			containerPortal = 1E7C63E82424090A00D97089 /* Project object */;
			proxyType = 1;
			remoteGlobalIDString = 1E7C63F02424090A00D97089;
			remoteInfo = JabberwockyHTKit;
		};
		1E7C65392425640C00D97089 /* PBXContainerItemProxy */ = {
			isa = PBXContainerItemProxy;
			containerPortal = 1E7C63E82424090A00D97089 /* Project object */;
			proxyType = 1;
			remoteGlobalIDString = 1E7C63F02424090A00D97089;
			remoteInfo = JabberwockyHTKit;
		};
/* End PBXContainerItemProxy section */

/* Begin PBXCopyFilesBuildPhase section */
		1E1E0A3C242E7F53002C4BE0 /* Embed Frameworks */ = {
			isa = PBXCopyFilesBuildPhase;
			buildActionMask = 2147483647;
			dstPath = "";
			dstSubfolderSpec = 10;
			files = (
				1E1E0A3D242E7F53002C4BE0 /* JabberwockyHTKit.framework in Embed Frameworks */,
			);
			name = "Embed Frameworks";
			runOnlyForDeploymentPostprocessing = 0;
		};
		1E1E0AA4242E8098002C4BE0 /* Embed Frameworks */ = {
			isa = PBXCopyFilesBuildPhase;
			buildActionMask = 2147483647;
			dstPath = "";
			dstSubfolderSpec = 10;
			files = (
				1E1E0AA5242E8098002C4BE0 /* JabberwockyHTKit.framework in Embed Frameworks */,
			);
			name = "Embed Frameworks";
			runOnlyForDeploymentPostprocessing = 0;
		};
		1E7C653B2425640D00D97089 /* Embed Frameworks */ = {
			isa = PBXCopyFilesBuildPhase;
			buildActionMask = 2147483647;
			dstPath = "";
			dstSubfolderSpec = 10;
			files = (
				1E7C65382425640C00D97089 /* JabberwockyHTKit.framework in Embed Frameworks */,
			);
			name = "Embed Frameworks";
			runOnlyForDeploymentPostprocessing = 0;
		};
/* End PBXCopyFilesBuildPhase section */

/* Begin PBXFileReference section */
		1E1E0A0E242D0513002C4BE0 /* README.md */ = {isa = PBXFileReference; fileEncoding = 4; lastKnownFileType = net.daringfireball.markdown; path = README.md; sourceTree = "<group>"; };
		1E1E0A10242D15F8002C4BE0 /* LICENSE */ = {isa = PBXFileReference; fileEncoding = 4; lastKnownFileType = text; path = LICENSE; sourceTree = "<group>"; };
		1E1E0A41242E7F53002C4BE0 /* BasicTutorial.app */ = {isa = PBXFileReference; explicitFileType = wrapper.application; includeInIndex = 0; path = BasicTutorial.app; sourceTree = BUILT_PRODUCTS_DIR; };
		1E1E0A98242E8035002C4BE0 /* JabberwockyHTKit.framework */ = {isa = PBXFileReference; explicitFileType = wrapper.framework; includeInIndex = 0; path = JabberwockyHTKit.framework; sourceTree = BUILT_PRODUCTS_DIR; };
		1E1E0AA9242E8098002C4BE0 /* BasicTutorial.app */ = {isa = PBXFileReference; explicitFileType = wrapper.application; includeInIndex = 0; path = BasicTutorial.app; sourceTree = BUILT_PRODUCTS_DIR; };
		1E7C63F12424090A00D97089 /* JabberwockyHTKit.framework */ = {isa = PBXFileReference; explicitFileType = wrapper.framework; includeInIndex = 0; path = JabberwockyHTKit.framework; sourceTree = BUILT_PRODUCTS_DIR; };
		1E7C63F42424090A00D97089 /* JabberwockyHTKit.h */ = {isa = PBXFileReference; lastKnownFileType = sourcecode.c.h; path = JabberwockyHTKit.h; sourceTree = "<group>"; };
		1E7C63F52424090A00D97089 /* Info.plist */ = {isa = PBXFileReference; lastKnownFileType = text.plist.xml; path = Info.plist; sourceTree = "<group>"; };
		1E7C640C24240A0100D97089 /* UIControl+Focusable.swift */ = {isa = PBXFileReference; fileEncoding = 4; lastKnownFileType = sourcecode.swift; path = "UIControl+Focusable.swift"; sourceTree = "<group>"; };
		1E7C640D24240A0100D97089 /* FocusableGlassView.swift */ = {isa = PBXFileReference; fileEncoding = 4; lastKnownFileType = sourcecode.swift; path = FocusableGlassView.swift; sourceTree = "<group>"; };
		1E7C640E24240A0100D97089 /* HTFocusable.swift */ = {isa = PBXFileReference; fileEncoding = 4; lastKnownFileType = sourcecode.swift; path = HTFocusable.swift; sourceTree = "<group>"; };
		1E7C640F24240A0100D97089 /* UITableViewCell+Focusable.swift */ = {isa = PBXFileReference; fileEncoding = 4; lastKnownFileType = sourcecode.swift; path = "UITableViewCell+Focusable.swift"; sourceTree = "<group>"; };
		1E7C641024240A0100D97089 /* FocusableFacadeView.swift */ = {isa = PBXFileReference; fileEncoding = 4; lastKnownFileType = sourcecode.swift; path = FocusableFacadeView.swift; sourceTree = "<group>"; };
		1E7C641124240A0100D97089 /* UICollectionViewCell+Focusable.swift */ = {isa = PBXFileReference; fileEncoding = 4; lastKnownFileType = sourcecode.swift; path = "UICollectionViewCell+Focusable.swift"; sourceTree = "<group>"; };
		1E7C641324240A0100D97089 /* HTAlertController.swift */ = {isa = PBXFileReference; fileEncoding = 4; lastKnownFileType = sourcecode.swift; path = HTAlertController.swift; sourceTree = "<group>"; };
		1E7C641624240A0100D97089 /* HTSounds.swift */ = {isa = PBXFileReference; fileEncoding = 4; lastKnownFileType = sourcecode.swift; path = HTSounds.swift; sourceTree = "<group>"; };
		1E7C641724240A0100D97089 /* HTDwellTime.swift */ = {isa = PBXFileReference; fileEncoding = 4; lastKnownFileType = sourcecode.swift; path = HTDwellTime.swift; sourceTree = "<group>"; };
		1E7C641824240A0100D97089 /* HTThemes.swift */ = {isa = PBXFileReference; fileEncoding = 4; lastKnownFileType = sourcecode.swift; path = HTThemes.swift; sourceTree = "<group>"; };
		1E7C641924240A0100D97089 /* HTWindows.swift */ = {isa = PBXFileReference; fileEncoding = 4; lastKnownFileType = sourcecode.swift; path = HTWindows.swift; sourceTree = "<group>"; };
		1E7C641A24240A0100D97089 /* ImmutableDefaultSettings.swift */ = {isa = PBXFileReference; fileEncoding = 4; lastKnownFileType = sourcecode.swift; path = ImmutableDefaultSettings.swift; sourceTree = "<group>"; };
		1E7C641B24240A0100D97089 /* HeadTracking.swift */ = {isa = PBXFileReference; fileEncoding = 4; lastKnownFileType = sourcecode.swift; path = HeadTracking.swift; sourceTree = "<group>"; };
		1E7C641C24240A0100D97089 /* InMemorySettings.swift */ = {isa = PBXFileReference; fileEncoding = 4; lastKnownFileType = sourcecode.swift; path = InMemorySettings.swift; sourceTree = "<group>"; };
		1E7C641D24240A0100D97089 /* HTBlinkSensitivity.swift */ = {isa = PBXFileReference; fileEncoding = 4; lastKnownFileType = sourcecode.swift; path = HTBlinkSensitivity.swift; sourceTree = "<group>"; };
		1E7C641E24240A0100D97089 /* HTSettings.swift */ = {isa = PBXFileReference; fileEncoding = 4; lastKnownFileType = sourcecode.swift; path = HTSettings.swift; sourceTree = "<group>"; };
		1E7C641F24240A0100D97089 /* HTLayout.swift */ = {isa = PBXFileReference; fileEncoding = 4; lastKnownFileType = sourcecode.swift; path = HTLayout.swift; sourceTree = "<group>"; };
		1E7C642024240A0100D97089 /* HTCursor.swift */ = {isa = PBXFileReference; fileEncoding = 4; lastKnownFileType = sourcecode.swift; path = HTCursor.swift; sourceTree = "<group>"; };
		1E7C642124240A0100D97089 /* HTCursorSensitivity.swift */ = {isa = PBXFileReference; fileEncoding = 4; lastKnownFileType = sourcecode.swift; path = HTCursorSensitivity.swift; sourceTree = "<group>"; };
		1E7C642224240A0100D97089 /* HTKeyboard.swift */ = {isa = PBXFileReference; fileEncoding = 4; lastKnownFileType = sourcecode.swift; path = HTKeyboard.swift; sourceTree = "<group>"; };
		1E7C642324240A0100D97089 /* StoredSettings.swift */ = {isa = PBXFileReference; fileEncoding = 4; lastKnownFileType = sourcecode.swift; path = StoredSettings.swift; sourceTree = "<group>"; };
		1E7C642524240A0100D97089 /* Models.scnassets */ = {isa = PBXFileReference; lastKnownFileType = wrapper.scnassets; path = Models.scnassets; sourceTree = "<group>"; };
		1E7C642624240A0100D97089 /* CursorAssets.xcassets */ = {isa = PBXFileReference; lastKnownFileType = folder.assetcatalog; path = CursorAssets.xcassets; sourceTree = "<group>"; };
		1E7C642824240A0100D97089 /* CameraWindow.swift */ = {isa = PBXFileReference; fileEncoding = 4; lastKnownFileType = sourcecode.swift; path = CameraWindow.swift; sourceTree = "<group>"; };
		1E7C642924240A0100D97089 /* CursorMenuWindow.swift */ = {isa = PBXFileReference; fileEncoding = 4; lastKnownFileType = sourcecode.swift; path = CursorMenuWindow.swift; sourceTree = "<group>"; };
		1E7C642A24240A0100D97089 /* CursorEffectsWindow.swift */ = {isa = PBXFileReference; fileEncoding = 4; lastKnownFileType = sourcecode.swift; path = CursorEffectsWindow.swift; sourceTree = "<group>"; };
		1E7C642B24240A0100D97089 /* CursorDrawWindow.swift */ = {isa = PBXFileReference; fileEncoding = 4; lastKnownFileType = sourcecode.swift; path = CursorDrawWindow.swift; sourceTree = "<group>"; };
		1E7C642C24240A0100D97089 /* FaceMeshWindow.swift */ = {isa = PBXFileReference; fileEncoding = 4; lastKnownFileType = sourcecode.swift; path = FaceMeshWindow.swift; sourceTree = "<group>"; };
		1E7C642D24240A0100D97089 /* ClickAssistWindow.swift */ = {isa = PBXFileReference; fileEncoding = 4; lastKnownFileType = sourcecode.swift; path = ClickAssistWindow.swift; sourceTree = "<group>"; };
		1E7C643024240A0100D97089 /* ChargingTimer.swift */ = {isa = PBXFileReference; fileEncoding = 4; lastKnownFileType = sourcecode.swift; path = ChargingTimer.swift; sourceTree = "<group>"; };
		1E7C643424240A0100D97089 /* DeviceTypeUtilities.swift */ = {isa = PBXFileReference; fileEncoding = 4; lastKnownFileType = sourcecode.swift; path = DeviceTypeUtilities.swift; sourceTree = "<group>"; };
		1E7C643724240A0200D97089 /* FaceMeshView.swift */ = {isa = PBXFileReference; fileEncoding = 4; lastKnownFileType = sourcecode.swift; path = FaceMeshView.swift; sourceTree = "<group>"; };
		1E7C643924240A0200D97089 /* CountdownView.swift */ = {isa = PBXFileReference; fileEncoding = 4; lastKnownFileType = sourcecode.swift; path = CountdownView.swift; sourceTree = "<group>"; };
		1E7C643B24240A0200D97089 /* CursorToggleButton.swift */ = {isa = PBXFileReference; fileEncoding = 4; lastKnownFileType = sourcecode.swift; path = CursorToggleButton.swift; sourceTree = "<group>"; };
		1E7C643C24240A0200D97089 /* CursorToggleView.swift */ = {isa = PBXFileReference; fileEncoding = 4; lastKnownFileType = sourcecode.swift; path = CursorToggleView.swift; sourceTree = "<group>"; };
		1E7C643D24240A0200D97089 /* CursorGlassView.swift */ = {isa = PBXFileReference; fileEncoding = 4; lastKnownFileType = sourcecode.swift; path = CursorGlassView.swift; sourceTree = "<group>"; };
		1E7C643E24240A0200D97089 /* TooltipGlassView.swift */ = {isa = PBXFileReference; fileEncoding = 4; lastKnownFileType = sourcecode.swift; path = TooltipGlassView.swift; sourceTree = "<group>"; };
		1E7C644024240A0200D97089 /* BannerPositionFrame.swift */ = {isa = PBXFileReference; fileEncoding = 4; lastKnownFileType = sourcecode.swift; path = BannerPositionFrame.swift; sourceTree = "<group>"; };
		1E7C644124240A0200D97089 /* BannerStyle.swift */ = {isa = PBXFileReference; fileEncoding = 4; lastKnownFileType = sourcecode.swift; path = BannerStyle.swift; sourceTree = "<group>"; };
		1E7C644224240A0200D97089 /* StatusBarNotificationBanner.swift */ = {isa = PBXFileReference; fileEncoding = 4; lastKnownFileType = sourcecode.swift; path = StatusBarNotificationBanner.swift; sourceTree = "<group>"; };
		1E7C644324240A0200D97089 /* BaseNotificationBanner.swift */ = {isa = PBXFileReference; fileEncoding = 4; lastKnownFileType = sourcecode.swift; path = BaseNotificationBanner.swift; sourceTree = "<group>"; };
		1E7C644424240A0200D97089 /* NotificationBannerQueue.swift */ = {isa = PBXFileReference; fileEncoding = 4; lastKnownFileType = sourcecode.swift; path = NotificationBannerQueue.swift; sourceTree = "<group>"; };
		1E7C644624240A0200D97089 /* CursorScrollFeature.swift */ = {isa = PBXFileReference; fileEncoding = 4; lastKnownFileType = sourcecode.swift; path = CursorScrollFeature.swift; sourceTree = "<group>"; };
		1E7C644824240A0200D97089 /* CursorIdleFeature.swift */ = {isa = PBXFileReference; fileEncoding = 4; lastKnownFileType = sourcecode.swift; path = CursorIdleFeature.swift; sourceTree = "<group>"; };
		1E7C644924240A0200D97089 /* FaceMeshFeature.swift */ = {isa = PBXFileReference; fileEncoding = 4; lastKnownFileType = sourcecode.swift; path = FaceMeshFeature.swift; sourceTree = "<group>"; };
		1E7C644A24240A0200D97089 /* CursorDrawFeature.swift */ = {isa = PBXFileReference; fileEncoding = 4; lastKnownFileType = sourcecode.swift; path = CursorDrawFeature.swift; sourceTree = "<group>"; };
		1E7C644B24240A0200D97089 /* HTFeature.swift */ = {isa = PBXFileReference; fileEncoding = 4; lastKnownFileType = sourcecode.swift; path = HTFeature.swift; sourceTree = "<group>"; };
		1E7C644C24240A0200D97089 /* EgressWarningFeature.swift */ = {isa = PBXFileReference; fileEncoding = 4; lastKnownFileType = sourcecode.swift; path = EgressWarningFeature.swift; sourceTree = "<group>"; };
		1E7C644D24240A0200D97089 /* CursorClickAssistFeature.swift */ = {isa = PBXFileReference; fileEncoding = 4; lastKnownFileType = sourcecode.swift; path = CursorClickAssistFeature.swift; sourceTree = "<group>"; };
		1E7C644E24240A0200D97089 /* HTFeatureUtils.swift */ = {isa = PBXFileReference; fileEncoding = 4; lastKnownFileType = sourcecode.swift; path = HTFeatureUtils.swift; sourceTree = "<group>"; };
		1E7C644F24240A0200D97089 /* BannerWarningsFeature.swift */ = {isa = PBXFileReference; fileEncoding = 4; lastKnownFileType = sourcecode.swift; path = BannerWarningsFeature.swift; sourceTree = "<group>"; };
		1E7C645024240A0200D97089 /* CursorMenuFeature.swift */ = {isa = PBXFileReference; fileEncoding = 4; lastKnownFileType = sourcecode.swift; path = CursorMenuFeature.swift; sourceTree = "<group>"; };
		1E7C645124240A0200D97089 /* CursorTooltipFeature.swift */ = {isa = PBXFileReference; fileEncoding = 4; lastKnownFileType = sourcecode.swift; path = CursorTooltipFeature.swift; sourceTree = "<group>"; };
		1E7C645424240A0200D97089 /* NSNotification+Cursor.swift */ = {isa = PBXFileReference; fileEncoding = 4; lastKnownFileType = sourcecode.swift; path = "NSNotification+Cursor.swift"; sourceTree = "<group>"; };
		1E7C645624240A0200D97089 /* NSNotification+Keyboard.swift */ = {isa = PBXFileReference; fileEncoding = 4; lastKnownFileType = sourcecode.swift; path = "NSNotification+Keyboard.swift"; sourceTree = "<group>"; };
		1E7C645A24240A0200D97089 /* UIScrollView+ManualScroll.swift */ = {isa = PBXFileReference; fileEncoding = 4; lastKnownFileType = sourcecode.swift; path = "UIScrollView+ManualScroll.swift"; sourceTree = "<group>"; };
		1E7C645B24240A0200D97089 /* UIView+FirstResponder.swift */ = {isa = PBXFileReference; fileEncoding = 4; lastKnownFileType = sourcecode.swift; path = "UIView+FirstResponder.swift"; sourceTree = "<group>"; };
		1E7C645D24240A0200D97089 /* Array+Chunks.swift */ = {isa = PBXFileReference; fileEncoding = 4; lastKnownFileType = sourcecode.swift; path = "Array+Chunks.swift"; sourceTree = "<group>"; };
		1E7C645E24240A0200D97089 /* UIWindow+TopViewController.swift */ = {isa = PBXFileReference; fileEncoding = 4; lastKnownFileType = sourcecode.swift; path = "UIWindow+TopViewController.swift"; sourceTree = "<group>"; };
		1E7C646124240A0200D97089 /* UIBezierPath+LineThroughPoints.swift */ = {isa = PBXFileReference; fileEncoding = 4; lastKnownFileType = sourcecode.swift; path = "UIBezierPath+LineThroughPoints.swift"; sourceTree = "<group>"; };
		1E7C646324240A0200D97089 /* UIViewController+DefaultScroll.swift */ = {isa = PBXFileReference; fileEncoding = 4; lastKnownFileType = sourcecode.swift; path = "UIViewController+DefaultScroll.swift"; sourceTree = "<group>"; };
		1E7C646424240A0200D97089 /* UIView+Subviews.swift */ = {isa = PBXFileReference; fileEncoding = 4; lastKnownFileType = sourcecode.swift; path = "UIView+Subviews.swift"; sourceTree = "<group>"; };
		1E7C646524240A0200D97089 /* UIFont+Traits.swift */ = {isa = PBXFileReference; fileEncoding = 4; lastKnownFileType = sourcecode.swift; path = "UIFont+Traits.swift"; sourceTree = "<group>"; };
		1E7C646824240A0200D97089 /* ImageCursor.swift */ = {isa = PBXFileReference; fileEncoding = 4; lastKnownFileType = sourcecode.swift; path = ImageCursor.swift; sourceTree = "<group>"; };
		1E7C646924240A0200D97089 /* Cursor.swift */ = {isa = PBXFileReference; fileEncoding = 4; lastKnownFileType = sourcecode.swift; path = Cursor.swift; sourceTree = "<group>"; };
		1E7C646B24240A0200D97089 /* ClickAnimator.swift */ = {isa = PBXFileReference; fileEncoding = 4; lastKnownFileType = sourcecode.swift; path = ClickAnimator.swift; sourceTree = "<group>"; };
		1E7C646C24240A0200D97089 /* TransformAnimator.swift */ = {isa = PBXFileReference; fileEncoding = 4; lastKnownFileType = sourcecode.swift; path = TransformAnimator.swift; sourceTree = "<group>"; };
		1E7C646E24240A0200D97089 /* WordDrawGraphics.swift */ = {isa = PBXFileReference; fileEncoding = 4; lastKnownFileType = sourcecode.swift; path = WordDrawGraphics.swift; sourceTree = "<group>"; };
		1E7C647024240A0200D97089 /* Pulsator.swift */ = {isa = PBXFileReference; fileEncoding = 4; lastKnownFileType = sourcecode.swift; path = Pulsator.swift; sourceTree = "<group>"; };
		1E7C647224240A0200D97089 /* HTDefaultAnalytics.swift */ = {isa = PBXFileReference; fileEncoding = 4; lastKnownFileType = sourcecode.swift; path = HTDefaultAnalytics.swift; sourceTree = "<group>"; };
		1E7C647324240A0200D97089 /* HTAnalytics.swift */ = {isa = PBXFileReference; fileEncoding = 4; lastKnownFileType = sourcecode.swift; path = HTAnalytics.swift; sourceTree = "<group>"; };
		1E7C64DD24251C0F00D97089 /* CursorDwellClickFeature.swift */ = {isa = PBXFileReference; lastKnownFileType = sourcecode.swift; path = CursorDwellClickFeature.swift; sourceTree = "<group>"; };
		1E7C64DF24251C1C00D97089 /* CursorBlinkClickFeature.swift */ = {isa = PBXFileReference; lastKnownFileType = sourcecode.swift; path = CursorBlinkClickFeature.swift; sourceTree = "<group>"; };
		1E7C652324255BA000D97089 /* BasicTutorial.app */ = {isa = PBXFileReference; explicitFileType = wrapper.application; includeInIndex = 0; path = BasicTutorial.app; sourceTree = BUILT_PRODUCTS_DIR; };
		1E7C652524255BA000D97089 /* AppDelegate.swift */ = {isa = PBXFileReference; lastKnownFileType = sourcecode.swift; path = AppDelegate.swift; sourceTree = "<group>"; };
		1E7C652E24255BA200D97089 /* Assets.xcassets */ = {isa = PBXFileReference; lastKnownFileType = folder.assetcatalog; path = Assets.xcassets; sourceTree = "<group>"; };
		1E7C653324255BA200D97089 /* Info.plist */ = {isa = PBXFileReference; lastKnownFileType = text.plist.xml; path = Info.plist; sourceTree = "<group>"; };
		1E7C653F2425701400D97089 /* LaunchScreen.storyboard */ = {isa = PBXFileReference; fileEncoding = 4; lastKnownFileType = file.storyboard; name = LaunchScreen.storyboard; path = "../../../../ios/private-ios-frameworks-source/HTTutorialApp/Resources/LaunchScreen.storyboard"; sourceTree = "<group>"; };
		1E7C65412425B2B100D97089 /* CursorRecalibrationFeature.swift */ = {isa = PBXFileReference; lastKnownFileType = sourcecode.swift; path = CursorRecalibrationFeature.swift; sourceTree = "<group>"; };
/* End PBXFileReference section */

/* Begin PBXFrameworksBuildPhase section */
		1E1E0A37242E7F53002C4BE0 /* Frameworks */ = {
			isa = PBXFrameworksBuildPhase;
			buildActionMask = 2147483647;
			files = (
				1E1E0A38242E7F53002C4BE0 /* JabberwockyHTKit.framework in Frameworks */,
			);
			runOnlyForDeploymentPostprocessing = 0;
		};
		1E1E0A8F242E8035002C4BE0 /* Frameworks */ = {
			isa = PBXFrameworksBuildPhase;
			buildActionMask = 2147483647;
			files = (
			);
			runOnlyForDeploymentPostprocessing = 0;
		};
		1E1E0A9F242E8098002C4BE0 /* Frameworks */ = {
			isa = PBXFrameworksBuildPhase;
			buildActionMask = 2147483647;
			files = (
				1E1E0AA0242E8098002C4BE0 /* JabberwockyHTKit.framework in Frameworks */,
			);
			runOnlyForDeploymentPostprocessing = 0;
		};
		1E7C63EE2424090A00D97089 /* Frameworks */ = {
			isa = PBXFrameworksBuildPhase;
			buildActionMask = 2147483647;
			files = (
			);
			runOnlyForDeploymentPostprocessing = 0;
		};
		1E7C652024255BA000D97089 /* Frameworks */ = {
			isa = PBXFrameworksBuildPhase;
			buildActionMask = 2147483647;
			files = (
				1E7C65372425640C00D97089 /* JabberwockyHTKit.framework in Frameworks */,
			);
			runOnlyForDeploymentPostprocessing = 0;
		};
/* End PBXFrameworksBuildPhase section */

/* Begin PBXGroup section */
		1E7C63E72424090A00D97089 = {
			isa = PBXGroup;
			children = (
				1E1E0A10242D15F8002C4BE0 /* LICENSE */,
				1E1E0A0E242D0513002C4BE0 /* README.md */,
				1E7C63F32424090A00D97089 /* JabberwockyHTKit */,
				1E7C653E24256FD900D97089 /* Tutorials */,
				1E7C63F22424090A00D97089 /* Products */,
				1E7C64D324244F5200D97089 /* Frameworks */,
			);
			sourceTree = "<group>";
		};
		1E7C63F22424090A00D97089 /* Products */ = {
			isa = PBXGroup;
			children = (
				1E7C63F12424090A00D97089 /* JabberwockyHTKit.framework */,
				1E7C652324255BA000D97089 /* BasicTutorial.app */,
				1E1E0A41242E7F53002C4BE0 /* BasicTutorial.app */,
				1E1E0A98242E8035002C4BE0 /* JabberwockyHTKit.framework */,
				1E1E0AA9242E8098002C4BE0 /* BasicTutorial.app */,
			);
			name = Products;
			sourceTree = "<group>";
		};
		1E7C63F32424090A00D97089 /* JabberwockyHTKit */ = {
			isa = PBXGroup;
			children = (
				1E7C63F52424090A00D97089 /* Info.plist */,
				1E7C63F42424090A00D97089 /* JabberwockyHTKit.h */,
				1E7C647124240A0200D97089 /* Analytics */,
				1E7C643F24240A0200D97089 /* Banners */,
				1E7C641524240A0100D97089 /* Configuration */,
				1E7C641224240A0100D97089 /* Controllers */,
				1E7C645924240A0200D97089 /* Extensions */,
				1E7C644524240A0200D97089 /* Features */,
				1E7C640B24240A0100D97089 /* Focusables */,
				1E7C646624240A0200D97089 /* Graphics */,
				1E7C645224240A0200D97089 /* Notifications */,
				1E7C642424240A0100D97089 /* Resources */,
				1E7C642E24240A0100D97089 /* Utilities */,
				1E7C643524240A0100D97089 /* Views */,
				1E7C642724240A0100D97089 /* Windows */,
			);
			path = JabberwockyHTKit;
			sourceTree = "<group>";
		};
		1E7C640B24240A0100D97089 /* Focusables */ = {
			isa = PBXGroup;
			children = (
				1E7C641024240A0100D97089 /* FocusableFacadeView.swift */,
				1E7C640D24240A0100D97089 /* FocusableGlassView.swift */,
				1E7C640E24240A0100D97089 /* HTFocusable.swift */,
				1E7C641124240A0100D97089 /* UICollectionViewCell+Focusable.swift */,
				1E7C640C24240A0100D97089 /* UIControl+Focusable.swift */,
				1E7C640F24240A0100D97089 /* UITableViewCell+Focusable.swift */,
			);
			path = Focusables;
			sourceTree = "<group>";
		};
		1E7C641224240A0100D97089 /* Controllers */ = {
			isa = PBXGroup;
			children = (
				1E7C641324240A0100D97089 /* HTAlertController.swift */,
			);
			path = Controllers;
			sourceTree = "<group>";
		};
		1E7C641524240A0100D97089 /* Configuration */ = {
			isa = PBXGroup;
			children = (
				1E7C641B24240A0100D97089 /* HeadTracking.swift */,
				1E7C641D24240A0100D97089 /* HTBlinkSensitivity.swift */,
				1E7C642024240A0100D97089 /* HTCursor.swift */,
				1E7C642124240A0100D97089 /* HTCursorSensitivity.swift */,
				1E7C641724240A0100D97089 /* HTDwellTime.swift */,
				1E7C642224240A0100D97089 /* HTKeyboard.swift */,
				1E7C641F24240A0100D97089 /* HTLayout.swift */,
				1E7C641E24240A0100D97089 /* HTSettings.swift */,
				1E7C641624240A0100D97089 /* HTSounds.swift */,
				1E7C641824240A0100D97089 /* HTThemes.swift */,
				1E7C641924240A0100D97089 /* HTWindows.swift */,
				1E7C641A24240A0100D97089 /* ImmutableDefaultSettings.swift */,
				1E7C641C24240A0100D97089 /* InMemorySettings.swift */,
				1E7C642324240A0100D97089 /* StoredSettings.swift */,
			);
			path = Configuration;
			sourceTree = "<group>";
		};
		1E7C642424240A0100D97089 /* Resources */ = {
			isa = PBXGroup;
			children = (
				1E7C642624240A0100D97089 /* CursorAssets.xcassets */,
				1E7C642524240A0100D97089 /* Models.scnassets */,
			);
			path = Resources;
			sourceTree = "<group>";
		};
		1E7C642724240A0100D97089 /* Windows */ = {
			isa = PBXGroup;
			children = (
				1E7C642824240A0100D97089 /* CameraWindow.swift */,
				1E7C642D24240A0100D97089 /* ClickAssistWindow.swift */,
				1E7C642B24240A0100D97089 /* CursorDrawWindow.swift */,
				1E7C642A24240A0100D97089 /* CursorEffectsWindow.swift */,
				1E7C642924240A0100D97089 /* CursorMenuWindow.swift */,
				1E7C642C24240A0100D97089 /* FaceMeshWindow.swift */,
			);
			path = Windows;
			sourceTree = "<group>";
		};
		1E7C642E24240A0100D97089 /* Utilities */ = {
			isa = PBXGroup;
			children = (
				1E7C643324240A0100D97089 /* Device */,
				1E7C642F24240A0100D97089 /* Timer */,
			);
			path = Utilities;
			sourceTree = "<group>";
		};
		1E7C642F24240A0100D97089 /* Timer */ = {
			isa = PBXGroup;
			children = (
				1E7C643024240A0100D97089 /* ChargingTimer.swift */,
			);
			path = Timer;
			sourceTree = "<group>";
		};
		1E7C643324240A0100D97089 /* Device */ = {
			isa = PBXGroup;
			children = (
				1E7C643424240A0100D97089 /* DeviceTypeUtilities.swift */,
			);
			path = Device;
			sourceTree = "<group>";
		};
		1E7C643524240A0100D97089 /* Views */ = {
			isa = PBXGroup;
			children = (
				1E7C643824240A0200D97089 /* Countdown */,
				1E7C643A24240A0200D97089 /* Cursor */,
				1E7C643624240A0100D97089 /* FaceMesh */,
			);
			path = Views;
			sourceTree = "<group>";
		};
		1E7C643624240A0100D97089 /* FaceMesh */ = {
			isa = PBXGroup;
			children = (
				1E7C643724240A0200D97089 /* FaceMeshView.swift */,
			);
			path = FaceMesh;
			sourceTree = "<group>";
		};
		1E7C643824240A0200D97089 /* Countdown */ = {
			isa = PBXGroup;
			children = (
				1E7C643924240A0200D97089 /* CountdownView.swift */,
			);
			path = Countdown;
			sourceTree = "<group>";
		};
		1E7C643A24240A0200D97089 /* Cursor */ = {
			isa = PBXGroup;
			children = (
				1E7C643B24240A0200D97089 /* CursorToggleButton.swift */,
				1E7C643C24240A0200D97089 /* CursorToggleView.swift */,
				1E7C643D24240A0200D97089 /* CursorGlassView.swift */,
				1E7C643E24240A0200D97089 /* TooltipGlassView.swift */,
			);
			path = Cursor;
			sourceTree = "<group>";
		};
		1E7C643F24240A0200D97089 /* Banners */ = {
			isa = PBXGroup;
			children = (
				1E7C644024240A0200D97089 /* BannerPositionFrame.swift */,
				1E7C644124240A0200D97089 /* BannerStyle.swift */,
				1E7C644324240A0200D97089 /* BaseNotificationBanner.swift */,
				1E7C644424240A0200D97089 /* NotificationBannerQueue.swift */,
				1E7C644224240A0200D97089 /* StatusBarNotificationBanner.swift */,
			);
			path = Banners;
			sourceTree = "<group>";
		};
		1E7C644524240A0200D97089 /* Features */ = {
			isa = PBXGroup;
			children = (
				1E7C644F24240A0200D97089 /* BannerWarningsFeature.swift */,
				1E7C64DF24251C1C00D97089 /* CursorBlinkClickFeature.swift */,
				1E7C644D24240A0200D97089 /* CursorClickAssistFeature.swift */,
				1E7C644A24240A0200D97089 /* CursorDrawFeature.swift */,
				1E7C64DD24251C0F00D97089 /* CursorDwellClickFeature.swift */,
				1E7C644824240A0200D97089 /* CursorIdleFeature.swift */,
				1E7C645024240A0200D97089 /* CursorMenuFeature.swift */,
				1E7C65412425B2B100D97089 /* CursorRecalibrationFeature.swift */,
				1E7C644624240A0200D97089 /* CursorScrollFeature.swift */,
				1E7C645124240A0200D97089 /* CursorTooltipFeature.swift */,
				1E7C644C24240A0200D97089 /* EgressWarningFeature.swift */,
				1E7C644924240A0200D97089 /* FaceMeshFeature.swift */,
				1E7C644B24240A0200D97089 /* HTFeature.swift */,
				1E7C644E24240A0200D97089 /* HTFeatureUtils.swift */,
			);
			path = Features;
			sourceTree = "<group>";
		};
		1E7C645224240A0200D97089 /* Notifications */ = {
			isa = PBXGroup;
			children = (
				1E7C645424240A0200D97089 /* NSNotification+Cursor.swift */,
				1E7C645624240A0200D97089 /* NSNotification+Keyboard.swift */,
			);
			path = Notifications;
			sourceTree = "<group>";
		};
		1E7C645924240A0200D97089 /* Extensions */ = {
			isa = PBXGroup;
			children = (
				1E7C645D24240A0200D97089 /* Array+Chunks.swift */,
				1E7C646124240A0200D97089 /* UIBezierPath+LineThroughPoints.swift */,
				1E7C646524240A0200D97089 /* UIFont+Traits.swift */,
				1E7C645A24240A0200D97089 /* UIScrollView+ManualScroll.swift */,
				1E7C645B24240A0200D97089 /* UIView+FirstResponder.swift */,
				1E7C646424240A0200D97089 /* UIView+Subviews.swift */,
				1E7C646324240A0200D97089 /* UIViewController+DefaultScroll.swift */,
				1E7C645E24240A0200D97089 /* UIWindow+TopViewController.swift */,
			);
			path = Extensions;
			sourceTree = "<group>";
		};
		1E7C646624240A0200D97089 /* Graphics */ = {
			isa = PBXGroup;
			children = (
				1E7C646A24240A0200D97089 /* Animation */,
				1E7C646724240A0200D97089 /* Cursor */,
				1E7C646D24240A0200D97089 /* Draw */,
				1E7C646F24240A0200D97089 /* Pulsator */,
			);
			path = Graphics;
			sourceTree = "<group>";
		};
		1E7C646724240A0200D97089 /* Cursor */ = {
			isa = PBXGroup;
			children = (
				1E7C646824240A0200D97089 /* ImageCursor.swift */,
				1E7C646924240A0200D97089 /* Cursor.swift */,
			);
			path = Cursor;
			sourceTree = "<group>";
		};
		1E7C646A24240A0200D97089 /* Animation */ = {
			isa = PBXGroup;
			children = (
				1E7C646B24240A0200D97089 /* ClickAnimator.swift */,
				1E7C646C24240A0200D97089 /* TransformAnimator.swift */,
			);
			path = Animation;
			sourceTree = "<group>";
		};
		1E7C646D24240A0200D97089 /* Draw */ = {
			isa = PBXGroup;
			children = (
				1E7C646E24240A0200D97089 /* WordDrawGraphics.swift */,
			);
			path = Draw;
			sourceTree = "<group>";
		};
		1E7C646F24240A0200D97089 /* Pulsator */ = {
			isa = PBXGroup;
			children = (
				1E7C647024240A0200D97089 /* Pulsator.swift */,
			);
			path = Pulsator;
			sourceTree = "<group>";
		};
		1E7C647124240A0200D97089 /* Analytics */ = {
			isa = PBXGroup;
			children = (
				1E7C647324240A0200D97089 /* HTAnalytics.swift */,
				1E7C647224240A0200D97089 /* HTDefaultAnalytics.swift */,
			);
			path = Analytics;
			sourceTree = "<group>";
		};
		1E7C64D324244F5200D97089 /* Frameworks */ = {
			isa = PBXGroup;
			children = (
			);
			name = Frameworks;
			sourceTree = "<group>";
		};
		1E7C652424255BA000D97089 /* BasicTutorial */ = {
			isa = PBXGroup;
			children = (
				1E7C652524255BA000D97089 /* AppDelegate.swift */,
				1E7C652E24255BA200D97089 /* Assets.xcassets */,
				1E7C653F2425701400D97089 /* LaunchScreen.storyboard */,
				1E7C653324255BA200D97089 /* Info.plist */,
			);
			path = BasicTutorial;
			sourceTree = "<group>";
		};
		1E7C653E24256FD900D97089 /* Tutorials */ = {
			isa = PBXGroup;
			children = (
				1E7C652424255BA000D97089 /* BasicTutorial */,
			);
			path = Tutorials;
			sourceTree = "<group>";
		};
/* End PBXGroup section */

/* Begin PBXHeadersBuildPhase section */
		1E1E0A44242E8035002C4BE0 /* Headers */ = {
			isa = PBXHeadersBuildPhase;
			buildActionMask = 2147483647;
			files = (
				1E1E0A45242E8035002C4BE0 /* JabberwockyHTKit.h in Headers */,
			);
			runOnlyForDeploymentPostprocessing = 0;
		};
		1E7C63EC2424090A00D97089 /* Headers */ = {
			isa = PBXHeadersBuildPhase;
			buildActionMask = 2147483647;
			files = (
				1E7C64022424090A00D97089 /* JabberwockyHTKit.h in Headers */,
			);
			runOnlyForDeploymentPostprocessing = 0;
		};
/* End PBXHeadersBuildPhase section */

/* Begin PBXNativeTarget section */
		1E1E0A32242E7F53002C4BE0 /* BasicTutorial-PodsOnly */ = {
			isa = PBXNativeTarget;
			buildConfigurationList = 1E1E0A3E242E7F53002C4BE0 /* Build configuration list for PBXNativeTarget "BasicTutorial-PodsOnly" */;
			buildPhases = (
				1E1E0A35242E7F53002C4BE0 /* Sources */,
				1E1E0A37242E7F53002C4BE0 /* Frameworks */,
				1E1E0A39242E7F53002C4BE0 /* Resources */,
				1E1E0A3C242E7F53002C4BE0 /* Embed Frameworks */,
			);
			buildRules = (
			);
			dependencies = (
				1E1E0A33242E7F53002C4BE0 /* PBXTargetDependency */,
			);
			name = "BasicTutorial-PodsOnly";
			productName = HTTutorial;
			productReference = 1E1E0A41242E7F53002C4BE0 /* BasicTutorial.app */;
			productType = "com.apple.product-type.application";
		};
		1E1E0A43242E8035002C4BE0 /* JabberwockyHTKit-LocalDev */ = {
			isa = PBXNativeTarget;
			buildConfigurationList = 1E1E0A95242E8035002C4BE0 /* Build configuration list for PBXNativeTarget "JabberwockyHTKit-LocalDev" */;
			buildPhases = (
				1E1E0A44242E8035002C4BE0 /* Headers */,
				1E1E0A46242E8035002C4BE0 /* Sources */,
				1E1E0A8F242E8035002C4BE0 /* Frameworks */,
				1E1E0A90242E8035002C4BE0 /* Resources */,
			);
			buildRules = (
			);
			dependencies = (
			);
			name = "JabberwockyHTKit-LocalDev";
			productName = JabberwockyHTKit;
			productReference = 1E1E0A98242E8035002C4BE0 /* JabberwockyHTKit.framework */;
			productType = "com.apple.product-type.framework";
		};
		1E1E0A9A242E8098002C4BE0 /* BasicTutorial-LocalDev */ = {
			isa = PBXNativeTarget;
			buildConfigurationList = 1E1E0AA6242E8098002C4BE0 /* Build configuration list for PBXNativeTarget "BasicTutorial-LocalDev" */;
			buildPhases = (
				1E1E0A9D242E8098002C4BE0 /* Sources */,
				1E1E0A9F242E8098002C4BE0 /* Frameworks */,
				1E1E0AA1242E8098002C4BE0 /* Resources */,
				1E1E0AA4242E8098002C4BE0 /* Embed Frameworks */,
			);
			buildRules = (
			);
			dependencies = (
				1E1E0A9B242E8098002C4BE0 /* PBXTargetDependency */,
			);
			name = "BasicTutorial-LocalDev";
			productName = HTTutorial;
			productReference = 1E1E0AA9242E8098002C4BE0 /* BasicTutorial.app */;
			productType = "com.apple.product-type.application";
		};
		1E7C63F02424090A00D97089 /* JabberwockyHTKit */ = {
			isa = PBXNativeTarget;
			buildConfigurationList = 1E7C64052424090A00D97089 /* Build configuration list for PBXNativeTarget "JabberwockyHTKit" */;
			buildPhases = (
				1E7C63EC2424090A00D97089 /* Headers */,
				1E7C63ED2424090A00D97089 /* Sources */,
				1E7C63EE2424090A00D97089 /* Frameworks */,
				1E7C63EF2424090A00D97089 /* Resources */,
			);
			buildRules = (
			);
			dependencies = (
			);
			name = JabberwockyHTKit;
			productName = JabberwockyHTKit;
			productReference = 1E7C63F12424090A00D97089 /* JabberwockyHTKit.framework */;
			productType = "com.apple.product-type.framework";
		};
		1E7C652224255BA000D97089 /* BasicTutorial */ = {
			isa = PBXNativeTarget;
			buildConfigurationList = 1E7C653624255BA200D97089 /* Build configuration list for PBXNativeTarget "BasicTutorial" */;
			buildPhases = (
				1E7C651F24255BA000D97089 /* Sources */,
				1E7C652024255BA000D97089 /* Frameworks */,
				1E7C652124255BA000D97089 /* Resources */,
				1E7C653B2425640D00D97089 /* Embed Frameworks */,
			);
			buildRules = (
			);
			dependencies = (
				1E7C653A2425640C00D97089 /* PBXTargetDependency */,
			);
			name = BasicTutorial;
			productName = HTTutorial;
			productReference = 1E7C652324255BA000D97089 /* BasicTutorial.app */;
			productType = "com.apple.product-type.application";
		};
/* End PBXNativeTarget section */

/* Begin PBXProject section */
		1E7C63E82424090A00D97089 /* Project object */ = {
			isa = PBXProject;
			attributes = {
				LastSwiftUpdateCheck = 1130;
				LastUpgradeCheck = 1130;
				ORGANIZATIONNAME = "Swiftable LLC";
				TargetAttributes = {
					1E7C63F02424090A00D97089 = {
						CreatedOnToolsVersion = 11.3.1;
					};
					1E7C652224255BA000D97089 = {
						CreatedOnToolsVersion = 11.3.1;
					};
				};
			};
			buildConfigurationList = 1E7C63EB2424090A00D97089 /* Build configuration list for PBXProject "JabberwockyHTKit" */;
			compatibilityVersion = "Xcode 9.3";
			developmentRegion = en;
			hasScannedForEncodings = 0;
			knownRegions = (
				en,
				Base,
			);
			mainGroup = 1E7C63E72424090A00D97089;
			productRefGroup = 1E7C63F22424090A00D97089 /* Products */;
			projectDirPath = "";
			projectRoot = "";
			targets = (
				1E7C63F02424090A00D97089 /* JabberwockyHTKit */,
				1E1E0A43242E8035002C4BE0 /* JabberwockyHTKit-LocalDev */,
				1E7C652224255BA000D97089 /* BasicTutorial */,
				1E1E0A9A242E8098002C4BE0 /* BasicTutorial-LocalDev */,
				1E1E0A32242E7F53002C4BE0 /* BasicTutorial-PodsOnly */,
			);
		};
/* End PBXProject section */

/* Begin PBXResourcesBuildPhase section */
		1E1E0A39242E7F53002C4BE0 /* Resources */ = {
			isa = PBXResourcesBuildPhase;
			buildActionMask = 2147483647;
			files = (
				1E1E0A3A242E7F53002C4BE0 /* Assets.xcassets in Resources */,
				1E1E0A3B242E7F53002C4BE0 /* LaunchScreen.storyboard in Resources */,
			);
			runOnlyForDeploymentPostprocessing = 0;
		};
		1E1E0A90242E8035002C4BE0 /* Resources */ = {
			isa = PBXResourcesBuildPhase;
			buildActionMask = 2147483647;
			files = (
				1E1E0A91242E8035002C4BE0 /* README.md in Resources */,
				1E1E0A92242E8035002C4BE0 /* CursorAssets.xcassets in Resources */,
				1E1E0A93242E8035002C4BE0 /* LICENSE in Resources */,
				1E1E0A94242E8035002C4BE0 /* Models.scnassets in Resources */,
			);
			runOnlyForDeploymentPostprocessing = 0;
		};
		1E1E0AA1242E8098002C4BE0 /* Resources */ = {
			isa = PBXResourcesBuildPhase;
			buildActionMask = 2147483647;
			files = (
				1E1E0AA2242E8098002C4BE0 /* Assets.xcassets in Resources */,
				1E1E0AA3242E8098002C4BE0 /* LaunchScreen.storyboard in Resources */,
			);
			runOnlyForDeploymentPostprocessing = 0;
		};
		1E7C63EF2424090A00D97089 /* Resources */ = {
			isa = PBXResourcesBuildPhase;
			buildActionMask = 2147483647;
			files = (
				1E1E0A0F242D0513002C4BE0 /* README.md in Resources */,
				1E7C648B24240A0200D97089 /* CursorAssets.xcassets in Resources */,
				1E1E0A11242D15F8002C4BE0 /* LICENSE in Resources */,
				1E7C648A24240A0200D97089 /* Models.scnassets in Resources */,
			);
			runOnlyForDeploymentPostprocessing = 0;
		};
		1E7C652124255BA000D97089 /* Resources */ = {
			isa = PBXResourcesBuildPhase;
			buildActionMask = 2147483647;
			files = (
				1E7C652F24255BA200D97089 /* Assets.xcassets in Resources */,
				1E7C65402425701400D97089 /* LaunchScreen.storyboard in Resources */,
			);
			runOnlyForDeploymentPostprocessing = 0;
		};
/* End PBXResourcesBuildPhase section */

/* Begin PBXSourcesBuildPhase section */
		1E1E0A35242E7F53002C4BE0 /* Sources */ = {
			isa = PBXSourcesBuildPhase;
			buildActionMask = 2147483647;
			files = (
				1E1E0A36242E7F53002C4BE0 /* AppDelegate.swift in Sources */,
			);
			runOnlyForDeploymentPostprocessing = 0;
		};
		1E1E0A46242E8035002C4BE0 /* Sources */ = {
			isa = PBXSourcesBuildPhase;
			buildActionMask = 2147483647;
			files = (
				1E1E0A47242E8035002C4BE0 /* CountdownView.swift in Sources */,
				1E1E0A48242E8035002C4BE0 /* CursorToggleButton.swift in Sources */,
				1E1E0A49242E8035002C4BE0 /* Array+Chunks.swift in Sources */,
				1E1E0A4A242E8035002C4BE0 /* InMemorySettings.swift in Sources */,
				1E1E0A4B242E8035002C4BE0 /* CursorGlassView.swift in Sources */,
				1E1E0A4C242E8035002C4BE0 /* NSNotification+Keyboard.swift in Sources */,
				1E1E0A4D242E8035002C4BE0 /* FocusableFacadeView.swift in Sources */,
				1E1E0A4E242E8035002C4BE0 /* ImmutableDefaultSettings.swift in Sources */,
				1E1E0A4F242E8035002C4BE0 /* StatusBarNotificationBanner.swift in Sources */,
				1E1E0A50242E8035002C4BE0 /* TooltipGlassView.swift in Sources */,
				1E1E0A51242E8035002C4BE0 /* HTDwellTime.swift in Sources */,
				1E1E0A52242E8035002C4BE0 /* FaceMeshView.swift in Sources */,
				1E1E0A53242E8035002C4BE0 /* HTKeyboard.swift in Sources */,
				1E1E0A54242E8035002C4BE0 /* Cursor.swift in Sources */,
				1E1E0A55242E8035002C4BE0 /* HTAnalytics.swift in Sources */,
				1E1E0A56242E8035002C4BE0 /* CursorBlinkClickFeature.swift in Sources */,
				1E1E0A57242E8035002C4BE0 /* ClickAnimator.swift in Sources */,
				1E1E0A58242E8035002C4BE0 /* StoredSettings.swift in Sources */,
				1E1E0A59242E8035002C4BE0 /* HTFocusable.swift in Sources */,
				1E1E0A5A242E8035002C4BE0 /* EgressWarningFeature.swift in Sources */,
				1E1E0A5B242E8035002C4BE0 /* FaceMeshFeature.swift in Sources */,
				1E1E0A5C242E8035002C4BE0 /* BannerPositionFrame.swift in Sources */,
				1E1E0A5D242E8035002C4BE0 /* HTDefaultAnalytics.swift in Sources */,
				1E1E0A5E242E8035002C4BE0 /* TransformAnimator.swift in Sources */,
				1E1E0A5F242E8035002C4BE0 /* DeviceTypeUtilities.swift in Sources */,
				1E1E0A60242E8035002C4BE0 /* HTSettings.swift in Sources */,
				1E1E0A61242E8035002C4BE0 /* HeadTracking.swift in Sources */,
				1E1E0A62242E8035002C4BE0 /* FocusableGlassView.swift in Sources */,
				1E1E0A63242E8035002C4BE0 /* NSNotification+Cursor.swift in Sources */,
				1E1E0A64242E8035002C4BE0 /* UIViewController+DefaultScroll.swift in Sources */,
				1E1E0A65242E8035002C4BE0 /* HTFeatureUtils.swift in Sources */,
				1E1E0A66242E8035002C4BE0 /* CursorDrawFeature.swift in Sources */,
				1E1E0A67242E8035002C4BE0 /* WordDrawGraphics.swift in Sources */,
				1E1E0A68242E8035002C4BE0 /* HTAlertController.swift in Sources */,
				1E1E0A69242E8035002C4BE0 /* HTCursorSensitivity.swift in Sources */,
				1E1E0A6A242E8035002C4BE0 /* CursorScrollFeature.swift in Sources */,
				1E1E0A6B242E8035002C4BE0 /* CursorMenuWindow.swift in Sources */,
				1E1E0A6C242E8035002C4BE0 /* CursorMenuFeature.swift in Sources */,
				1E1E0A6D242E8035002C4BE0 /* HTWindows.swift in Sources */,
				1E1E0A6E242E8035002C4BE0 /* BannerWarningsFeature.swift in Sources */,
				1E1E0A6F242E8035002C4BE0 /* CursorDwellClickFeature.swift in Sources */,
				1E1E0A70242E8035002C4BE0 /* CursorClickAssistFeature.swift in Sources */,
				1E1E0A71242E8035002C4BE0 /* CursorEffectsWindow.swift in Sources */,
				1E1E0A72242E8035002C4BE0 /* UIView+Subviews.swift in Sources */,
				1E1E0A73242E8035002C4BE0 /* NotificationBannerQueue.swift in Sources */,
				1E1E0A74242E8035002C4BE0 /* UICollectionViewCell+Focusable.swift in Sources */,
				1E1E0A75242E8035002C4BE0 /* HTBlinkSensitivity.swift in Sources */,
				1E1E0A76242E8035002C4BE0 /* Pulsator.swift in Sources */,
				1E1E0A77242E8035002C4BE0 /* CursorDrawWindow.swift in Sources */,
				1E1E0A78242E8035002C4BE0 /* UIView+FirstResponder.swift in Sources */,
				1E1E0A79242E8035002C4BE0 /* CursorTooltipFeature.swift in Sources */,
				1E1E0A7A242E8035002C4BE0 /* FaceMeshWindow.swift in Sources */,
				1E1E0A7B242E8035002C4BE0 /* CursorRecalibrationFeature.swift in Sources */,
				1E1E0A7C242E8035002C4BE0 /* UIScrollView+ManualScroll.swift in Sources */,
				1E1E0A7D242E8035002C4BE0 /* ImageCursor.swift in Sources */,
				1E1E0A7E242E8035002C4BE0 /* HTFeature.swift in Sources */,
				1E1E0A7F242E8035002C4BE0 /* HTLayout.swift in Sources */,
				1E1E0A80242E8035002C4BE0 /* BannerStyle.swift in Sources */,
				1E1E0A81242E8035002C4BE0 /* HTCursor.swift in Sources */,
				1E1E0A82242E8035002C4BE0 /* UITableViewCell+Focusable.swift in Sources */,
				1E1E0A83242E8035002C4BE0 /* ClickAssistWindow.swift in Sources */,
				1E1E0A84242E8035002C4BE0 /* CursorIdleFeature.swift in Sources */,
				1E1E0A85242E8035002C4BE0 /* UIControl+Focusable.swift in Sources */,
				1E1E0A86242E8035002C4BE0 /* HTThemes.swift in Sources */,
				1E1E0A87242E8035002C4BE0 /* CursorToggleView.swift in Sources */,
				1E1E0A88242E8035002C4BE0 /* ChargingTimer.swift in Sources */,
				1E1E0A89242E8035002C4BE0 /* CameraWindow.swift in Sources */,
				1E1E0A8A242E8035002C4BE0 /* UIBezierPath+LineThroughPoints.swift in Sources */,
				1E1E0A8B242E8035002C4BE0 /* UIWindow+TopViewController.swift in Sources */,
				1E1E0A8C242E8035002C4BE0 /* UIFont+Traits.swift in Sources */,
				1E1E0A8D242E8035002C4BE0 /* HTSounds.swift in Sources */,
				1E1E0A8E242E8035002C4BE0 /* BaseNotificationBanner.swift in Sources */,
			);
			runOnlyForDeploymentPostprocessing = 0;
		};
		1E1E0A9D242E8098002C4BE0 /* Sources */ = {
			isa = PBXSourcesBuildPhase;
			buildActionMask = 2147483647;
			files = (
				1E1E0A9E242E8098002C4BE0 /* AppDelegate.swift in Sources */,
			);
			runOnlyForDeploymentPostprocessing = 0;
		};
		1E7C63ED2424090A00D97089 /* Sources */ = {
			isa = PBXSourcesBuildPhase;
			buildActionMask = 2147483647;
			files = (
				1E7C649624240A0200D97089 /* CountdownView.swift in Sources */,
				1E7C649724240A0200D97089 /* CursorToggleButton.swift in Sources */,
				1E7C64B524240A0200D97089 /* Array+Chunks.swift in Sources */,
				1E7C648224240A0200D97089 /* InMemorySettings.swift in Sources */,
				1E7C649924240A0200D97089 /* CursorGlassView.swift in Sources */,
				1E7C64AF24240A0200D97089 /* NSNotification+Keyboard.swift in Sources */,
				1E7C647824240A0200D97089 /* FocusableFacadeView.swift in Sources */,
				1E7C648024240A0200D97089 /* ImmutableDefaultSettings.swift in Sources */,
				1E7C649D24240A0200D97089 /* StatusBarNotificationBanner.swift in Sources */,
				1E7C649A24240A0200D97089 /* TooltipGlassView.swift in Sources */,
				1E7C647D24240A0200D97089 /* HTDwellTime.swift in Sources */,
				1E7C649524240A0200D97089 /* FaceMeshView.swift in Sources */,
				1E7C648824240A0200D97089 /* HTKeyboard.swift in Sources */,
				1E7C64BF24240A0200D97089 /* Cursor.swift in Sources */,
				1E7C64C524240A0200D97089 /* HTAnalytics.swift in Sources */,
				1E7C64E024251C1C00D97089 /* CursorBlinkClickFeature.swift in Sources */,
				1E7C64C024240A0200D97089 /* ClickAnimator.swift in Sources */,
				1E7C648924240A0200D97089 /* StoredSettings.swift in Sources */,
				1E7C647624240A0200D97089 /* HTFocusable.swift in Sources */,
				1E7C64A624240A0200D97089 /* EgressWarningFeature.swift in Sources */,
				1E7C64A324240A0200D97089 /* FaceMeshFeature.swift in Sources */,
				1E7C649B24240A0200D97089 /* BannerPositionFrame.swift in Sources */,
				1E7C64C424240A0200D97089 /* HTDefaultAnalytics.swift in Sources */,
				1E7C64C124240A0200D97089 /* TransformAnimator.swift in Sources */,
				1E7C649424240A0200D97089 /* DeviceTypeUtilities.swift in Sources */,
				1E7C648424240A0200D97089 /* HTSettings.swift in Sources */,
				1E7C648124240A0200D97089 /* HeadTracking.swift in Sources */,
				1E7C647524240A0200D97089 /* FocusableGlassView.swift in Sources */,
				1E7C64AD24240A0200D97089 /* NSNotification+Cursor.swift in Sources */,
				1E7C64BB24240A0200D97089 /* UIViewController+DefaultScroll.swift in Sources */,
				1E7C64A824240A0200D97089 /* HTFeatureUtils.swift in Sources */,
				1E7C64A424240A0200D97089 /* CursorDrawFeature.swift in Sources */,
				1E7C64C224240A0200D97089 /* WordDrawGraphics.swift in Sources */,
				1E7C647A24240A0200D97089 /* HTAlertController.swift in Sources */,
				1E7C648724240A0200D97089 /* HTCursorSensitivity.swift in Sources */,
				1E7C64A024240A0200D97089 /* CursorScrollFeature.swift in Sources */,
				1E7C648D24240A0200D97089 /* CursorMenuWindow.swift in Sources */,
				1E7C64AA24240A0200D97089 /* CursorMenuFeature.swift in Sources */,
				1E7C647F24240A0200D97089 /* HTWindows.swift in Sources */,
				1E7C64A924240A0200D97089 /* BannerWarningsFeature.swift in Sources */,
				1E7C64DE24251C0F00D97089 /* CursorDwellClickFeature.swift in Sources */,
				1E7C64A724240A0200D97089 /* CursorClickAssistFeature.swift in Sources */,
				1E7C648E24240A0200D97089 /* CursorEffectsWindow.swift in Sources */,
				1E7C64BC24240A0200D97089 /* UIView+Subviews.swift in Sources */,
				1E7C649F24240A0200D97089 /* NotificationBannerQueue.swift in Sources */,
				1E7C647924240A0200D97089 /* UICollectionViewCell+Focusable.swift in Sources */,
				1E7C648324240A0200D97089 /* HTBlinkSensitivity.swift in Sources */,
				1E7C64C324240A0200D97089 /* Pulsator.swift in Sources */,
				1E7C648F24240A0200D97089 /* CursorDrawWindow.swift in Sources */,
				1E7C64B324240A0200D97089 /* UIView+FirstResponder.swift in Sources */,
				1E7C64AB24240A0200D97089 /* CursorTooltipFeature.swift in Sources */,
				1E7C649024240A0200D97089 /* FaceMeshWindow.swift in Sources */,
				1E7C65422425B2B100D97089 /* CursorRecalibrationFeature.swift in Sources */,
				1E7C64B224240A0200D97089 /* UIScrollView+ManualScroll.swift in Sources */,
				1E7C64BE24240A0200D97089 /* ImageCursor.swift in Sources */,
				1E7C64A524240A0200D97089 /* HTFeature.swift in Sources */,
				1E7C648524240A0200D97089 /* HTLayout.swift in Sources */,
				1E7C649C24240A0200D97089 /* BannerStyle.swift in Sources */,
				1E7C648624240A0200D97089 /* HTCursor.swift in Sources */,
				1E7C647724240A0200D97089 /* UITableViewCell+Focusable.swift in Sources */,
				1E7C649124240A0200D97089 /* ClickAssistWindow.swift in Sources */,
				1E7C64A224240A0200D97089 /* CursorIdleFeature.swift in Sources */,
				1E7C647424240A0200D97089 /* UIControl+Focusable.swift in Sources */,
				1E7C647E24240A0200D97089 /* HTThemes.swift in Sources */,
				1E7C649824240A0200D97089 /* CursorToggleView.swift in Sources */,
				1E7C649224240A0200D97089 /* ChargingTimer.swift in Sources */,
				1E7C648C24240A0200D97089 /* CameraWindow.swift in Sources */,
				1E7C64B924240A0200D97089 /* UIBezierPath+LineThroughPoints.swift in Sources */,
				1E7C64B624240A0200D97089 /* UIWindow+TopViewController.swift in Sources */,
				1E7C64BD24240A0200D97089 /* UIFont+Traits.swift in Sources */,
				1E7C647C24240A0200D97089 /* HTSounds.swift in Sources */,
				1E7C649E24240A0200D97089 /* BaseNotificationBanner.swift in Sources */,
			);
			runOnlyForDeploymentPostprocessing = 0;
		};
		1E7C651F24255BA000D97089 /* Sources */ = {
			isa = PBXSourcesBuildPhase;
			buildActionMask = 2147483647;
			files = (
				1E7C652624255BA000D97089 /* AppDelegate.swift in Sources */,
			);
			runOnlyForDeploymentPostprocessing = 0;
		};
/* End PBXSourcesBuildPhase section */

/* Begin PBXTargetDependency section */
		1E1E0A33242E7F53002C4BE0 /* PBXTargetDependency */ = {
			isa = PBXTargetDependency;
			target = 1E7C63F02424090A00D97089 /* JabberwockyHTKit */;
			targetProxy = 1E1E0A34242E7F53002C4BE0 /* PBXContainerItemProxy */;
		};
		1E1E0A9B242E8098002C4BE0 /* PBXTargetDependency */ = {
			isa = PBXTargetDependency;
			target = 1E7C63F02424090A00D97089 /* JabberwockyHTKit */;
			targetProxy = 1E1E0A9C242E8098002C4BE0 /* PBXContainerItemProxy */;
		};
		1E7C653A2425640C00D97089 /* PBXTargetDependency */ = {
			isa = PBXTargetDependency;
			target = 1E7C63F02424090A00D97089 /* JabberwockyHTKit */;
			targetProxy = 1E7C65392425640C00D97089 /* PBXContainerItemProxy */;
		};
/* End PBXTargetDependency section */

/* Begin XCBuildConfiguration section */
		1E1E0A3F242E7F53002C4BE0 /* Debug */ = {
			isa = XCBuildConfiguration;
			buildSettings = {
				ASSETCATALOG_COMPILER_APPICON_NAME = AppIcon;
				CODE_SIGN_STYLE = Automatic;
				DEVELOPMENT_TEAM = BDJ62329AB;
				INFOPLIST_FILE = "$(SRCROOT)/Tutorials/BasicTutorial/Info.plist";
				IPHONEOS_DEPLOYMENT_TARGET = 12.0;
				LD_RUNPATH_SEARCH_PATHS = (
					"$(inherited)",
					"@executable_path/Frameworks",
				);
				MARKETING_VERSION = 0.1.0;
				PRODUCT_BUNDLE_IDENTIFIER = org.swiftable.jabberwocky.BasicTutorial;
				PRODUCT_NAME = BasicTutorial;
				SWIFT_VERSION = 5.0;
				TARGETED_DEVICE_FAMILY = "1,2";
			};
			name = Debug;
		};
		1E1E0A40242E7F53002C4BE0 /* Release */ = {
			isa = XCBuildConfiguration;
			buildSettings = {
				ASSETCATALOG_COMPILER_APPICON_NAME = AppIcon;
				CODE_SIGN_STYLE = Automatic;
				DEVELOPMENT_TEAM = BDJ62329AB;
				INFOPLIST_FILE = "$(SRCROOT)/Tutorials/BasicTutorial/Info.plist";
				IPHONEOS_DEPLOYMENT_TARGET = 12.0;
				LD_RUNPATH_SEARCH_PATHS = (
					"$(inherited)",
					"@executable_path/Frameworks",
				);
				MARKETING_VERSION = 0.1.0;
				PRODUCT_BUNDLE_IDENTIFIER = org.swiftable.jabberwocky.BasicTutorial;
				PRODUCT_NAME = BasicTutorial;
				SWIFT_VERSION = 5.0;
				TARGETED_DEVICE_FAMILY = "1,2";
			};
			name = Release;
		};
		1E1E0A96242E8035002C4BE0 /* Debug */ = {
			isa = XCBuildConfiguration;
			buildSettings = {
				CODE_SIGN_STYLE = Automatic;
				DEFINES_MODULE = YES;
				DEVELOPMENT_TEAM = BDJ62329AB;
				DYLIB_COMPATIBILITY_VERSION = 1;
				DYLIB_CURRENT_VERSION = 1;
				DYLIB_INSTALL_NAME_BASE = "@rpath";
				INFOPLIST_FILE = "$(SRCROOT)/JabberwockyHTKit/Info.plist";
				INSTALL_PATH = "$(LOCAL_LIBRARY_DIR)/Frameworks";
				IPHONEOS_DEPLOYMENT_TARGET = 12.0;
				LD_RUNPATH_SEARCH_PATHS = (
					"$(inherited)",
					"@executable_path/Frameworks",
					"@loader_path/Frameworks",
				);
				MARKETING_VERSION = 0.1.0;
				PRODUCT_BUNDLE_IDENTIFIER = org.swiftable.jabberwocky.JabberwockyHTKit;
				PRODUCT_NAME = JabberwockyHTKit;
				SKIP_INSTALL = YES;
				SWIFT_VERSION = 5.0;
				TARGETED_DEVICE_FAMILY = "1,2";
			};
			name = Debug;
		};
		1E1E0A97242E8035002C4BE0 /* Release */ = {
			isa = XCBuildConfiguration;
			buildSettings = {
				CODE_SIGN_STYLE = Automatic;
				DEFINES_MODULE = YES;
				DEVELOPMENT_TEAM = BDJ62329AB;
				DYLIB_COMPATIBILITY_VERSION = 1;
				DYLIB_CURRENT_VERSION = 1;
				DYLIB_INSTALL_NAME_BASE = "@rpath";
				INFOPLIST_FILE = "$(SRCROOT)/JabberwockyHTKit/Info.plist";
				INSTALL_PATH = "$(LOCAL_LIBRARY_DIR)/Frameworks";
				IPHONEOS_DEPLOYMENT_TARGET = 12.0;
				LD_RUNPATH_SEARCH_PATHS = (
					"$(inherited)",
					"@executable_path/Frameworks",
					"@loader_path/Frameworks",
				);
				MARKETING_VERSION = 0.1.0;
				PRODUCT_BUNDLE_IDENTIFIER = org.swiftable.jabberwocky.JabberwockyHTKit;
				PRODUCT_NAME = JabberwockyHTKit;
				SKIP_INSTALL = YES;
				SWIFT_VERSION = 5.0;
				TARGETED_DEVICE_FAMILY = "1,2";
			};
			name = Release;
		};
		1E1E0AA7242E8098002C4BE0 /* Debug */ = {
			isa = XCBuildConfiguration;
			buildSettings = {
				ASSETCATALOG_COMPILER_APPICON_NAME = AppIcon;
				CODE_SIGN_STYLE = Automatic;
				DEVELOPMENT_TEAM = BDJ62329AB;
				INFOPLIST_FILE = "$(SRCROOT)/Tutorials/BasicTutorial/Info.plist";
				IPHONEOS_DEPLOYMENT_TARGET = 12.0;
				LD_RUNPATH_SEARCH_PATHS = (
					"$(inherited)",
					"@executable_path/Frameworks",
				);
				MARKETING_VERSION = 0.1.0;
				PRODUCT_BUNDLE_IDENTIFIER = org.swiftable.jabberwocky.BasicTutorial;
				PRODUCT_NAME = BasicTutorial;
				SWIFT_VERSION = 5.0;
				TARGETED_DEVICE_FAMILY = "1,2";
			};
			name = Debug;
		};
		1E1E0AA8242E8098002C4BE0 /* Release */ = {
			isa = XCBuildConfiguration;
			buildSettings = {
				ASSETCATALOG_COMPILER_APPICON_NAME = AppIcon;
				CODE_SIGN_STYLE = Automatic;
				DEVELOPMENT_TEAM = BDJ62329AB;
				INFOPLIST_FILE = "$(SRCROOT)/Tutorials/BasicTutorial/Info.plist";
				IPHONEOS_DEPLOYMENT_TARGET = 12.0;
				LD_RUNPATH_SEARCH_PATHS = (
					"$(inherited)",
					"@executable_path/Frameworks",
				);
				MARKETING_VERSION = 0.1.0;
				PRODUCT_BUNDLE_IDENTIFIER = org.swiftable.jabberwocky.BasicTutorial;
				PRODUCT_NAME = BasicTutorial;
				SWIFT_VERSION = 5.0;
				TARGETED_DEVICE_FAMILY = "1,2";
			};
			name = Release;
		};
		1E7C64032424090A00D97089 /* Debug */ = {
			isa = XCBuildConfiguration;
			buildSettings = {
				ALWAYS_SEARCH_USER_PATHS = NO;
				CLANG_ANALYZER_NONNULL = YES;
				CLANG_ANALYZER_NUMBER_OBJECT_CONVERSION = YES_AGGRESSIVE;
				CLANG_CXX_LANGUAGE_STANDARD = "gnu++14";
				CLANG_CXX_LIBRARY = "libc++";
				CLANG_ENABLE_MODULES = YES;
				CLANG_ENABLE_OBJC_ARC = YES;
				CLANG_ENABLE_OBJC_WEAK = YES;
				CLANG_WARN_BLOCK_CAPTURE_AUTORELEASING = YES;
				CLANG_WARN_BOOL_CONVERSION = YES;
				CLANG_WARN_COMMA = YES;
				CLANG_WARN_CONSTANT_CONVERSION = YES;
				CLANG_WARN_DEPRECATED_OBJC_IMPLEMENTATIONS = YES;
				CLANG_WARN_DIRECT_OBJC_ISA_USAGE = YES_ERROR;
				CLANG_WARN_DOCUMENTATION_COMMENTS = YES;
				CLANG_WARN_EMPTY_BODY = YES;
				CLANG_WARN_ENUM_CONVERSION = YES;
				CLANG_WARN_INFINITE_RECURSION = YES;
				CLANG_WARN_INT_CONVERSION = YES;
				CLANG_WARN_NON_LITERAL_NULL_CONVERSION = YES;
				CLANG_WARN_OBJC_IMPLICIT_RETAIN_SELF = YES;
				CLANG_WARN_OBJC_LITERAL_CONVERSION = YES;
				CLANG_WARN_OBJC_ROOT_CLASS = YES_ERROR;
				CLANG_WARN_RANGE_LOOP_ANALYSIS = YES;
				CLANG_WARN_STRICT_PROTOTYPES = YES;
				CLANG_WARN_SUSPICIOUS_MOVE = YES;
				CLANG_WARN_UNGUARDED_AVAILABILITY = YES_AGGRESSIVE;
				CLANG_WARN_UNREACHABLE_CODE = YES;
				CLANG_WARN__DUPLICATE_METHOD_MATCH = YES;
				COPY_PHASE_STRIP = NO;
				CURRENT_PROJECT_VERSION = 1;
				DEBUG_INFORMATION_FORMAT = dwarf;
				ENABLE_STRICT_OBJC_MSGSEND = YES;
				ENABLE_TESTABILITY = YES;
				GCC_C_LANGUAGE_STANDARD = gnu11;
				GCC_DYNAMIC_NO_PIC = NO;
				GCC_NO_COMMON_BLOCKS = YES;
				GCC_OPTIMIZATION_LEVEL = 0;
				GCC_PREPROCESSOR_DEFINITIONS = (
					"DEBUG=1",
					"$(inherited)",
				);
				GCC_WARN_64_TO_32_BIT_CONVERSION = YES;
				GCC_WARN_ABOUT_RETURN_TYPE = YES_ERROR;
				GCC_WARN_UNDECLARED_SELECTOR = YES;
				GCC_WARN_UNINITIALIZED_AUTOS = YES_AGGRESSIVE;
				GCC_WARN_UNUSED_FUNCTION = YES;
				GCC_WARN_UNUSED_VARIABLE = YES;
				IPHONEOS_DEPLOYMENT_TARGET = 13.2;
				MTL_ENABLE_DEBUG_INFO = INCLUDE_SOURCE;
				MTL_FAST_MATH = YES;
				ONLY_ACTIVE_ARCH = NO;
				SDKROOT = iphoneos;
				SWIFT_ACTIVE_COMPILATION_CONDITIONS = DEBUG;
				SWIFT_OPTIMIZATION_LEVEL = "-Onone";
				VALID_ARCHS = "arm64 arm64e armv7 armv7s x86_64 i386";
				VERSIONING_SYSTEM = "apple-generic";
				VERSION_INFO_PREFIX = "";
			};
			name = Debug;
		};
		1E7C64042424090A00D97089 /* Release */ = {
			isa = XCBuildConfiguration;
			buildSettings = {
				ALWAYS_SEARCH_USER_PATHS = NO;
				CLANG_ANALYZER_NONNULL = YES;
				CLANG_ANALYZER_NUMBER_OBJECT_CONVERSION = YES_AGGRESSIVE;
				CLANG_CXX_LANGUAGE_STANDARD = "gnu++14";
				CLANG_CXX_LIBRARY = "libc++";
				CLANG_ENABLE_MODULES = YES;
				CLANG_ENABLE_OBJC_ARC = YES;
				CLANG_ENABLE_OBJC_WEAK = YES;
				CLANG_WARN_BLOCK_CAPTURE_AUTORELEASING = YES;
				CLANG_WARN_BOOL_CONVERSION = YES;
				CLANG_WARN_COMMA = YES;
				CLANG_WARN_CONSTANT_CONVERSION = YES;
				CLANG_WARN_DEPRECATED_OBJC_IMPLEMENTATIONS = YES;
				CLANG_WARN_DIRECT_OBJC_ISA_USAGE = YES_ERROR;
				CLANG_WARN_DOCUMENTATION_COMMENTS = YES;
				CLANG_WARN_EMPTY_BODY = YES;
				CLANG_WARN_ENUM_CONVERSION = YES;
				CLANG_WARN_INFINITE_RECURSION = YES;
				CLANG_WARN_INT_CONVERSION = YES;
				CLANG_WARN_NON_LITERAL_NULL_CONVERSION = YES;
				CLANG_WARN_OBJC_IMPLICIT_RETAIN_SELF = YES;
				CLANG_WARN_OBJC_LITERAL_CONVERSION = YES;
				CLANG_WARN_OBJC_ROOT_CLASS = YES_ERROR;
				CLANG_WARN_RANGE_LOOP_ANALYSIS = YES;
				CLANG_WARN_STRICT_PROTOTYPES = YES;
				CLANG_WARN_SUSPICIOUS_MOVE = YES;
				CLANG_WARN_UNGUARDED_AVAILABILITY = YES_AGGRESSIVE;
				CLANG_WARN_UNREACHABLE_CODE = YES;
				CLANG_WARN__DUPLICATE_METHOD_MATCH = YES;
				COPY_PHASE_STRIP = NO;
				CURRENT_PROJECT_VERSION = 1;
				DEBUG_INFORMATION_FORMAT = "dwarf-with-dsym";
				ENABLE_NS_ASSERTIONS = NO;
				ENABLE_STRICT_OBJC_MSGSEND = YES;
				GCC_C_LANGUAGE_STANDARD = gnu11;
				GCC_NO_COMMON_BLOCKS = YES;
				GCC_WARN_64_TO_32_BIT_CONVERSION = YES;
				GCC_WARN_ABOUT_RETURN_TYPE = YES_ERROR;
				GCC_WARN_UNDECLARED_SELECTOR = YES;
				GCC_WARN_UNINITIALIZED_AUTOS = YES_AGGRESSIVE;
				GCC_WARN_UNUSED_FUNCTION = YES;
				GCC_WARN_UNUSED_VARIABLE = YES;
				IPHONEOS_DEPLOYMENT_TARGET = 13.2;
				MTL_ENABLE_DEBUG_INFO = NO;
				MTL_FAST_MATH = YES;
				ONLY_ACTIVE_ARCH = NO;
				SDKROOT = iphoneos;
				SWIFT_COMPILATION_MODE = wholemodule;
				SWIFT_OPTIMIZATION_LEVEL = "-O";
				VALIDATE_PRODUCT = YES;
				VALID_ARCHS = "arm64 arm64e armv7 armv7s x86_64 i386";
				VERSIONING_SYSTEM = "apple-generic";
				VERSION_INFO_PREFIX = "";
			};
			name = Release;
		};
		1E7C64062424090A00D97089 /* Debug */ = {
			isa = XCBuildConfiguration;
			buildSettings = {
				CODE_SIGN_STYLE = Automatic;
				DEFINES_MODULE = YES;
				DEVELOPMENT_TEAM = BDJ62329AB;
				DYLIB_COMPATIBILITY_VERSION = 1;
				DYLIB_CURRENT_VERSION = 1;
				DYLIB_INSTALL_NAME_BASE = "@rpath";
				INFOPLIST_FILE = JabberwockyHTKit/Info.plist;
				INSTALL_PATH = "$(LOCAL_LIBRARY_DIR)/Frameworks";
				IPHONEOS_DEPLOYMENT_TARGET = 12.0;
				LD_RUNPATH_SEARCH_PATHS = (
					"$(inherited)",
					"@executable_path/Frameworks",
					"@loader_path/Frameworks",
				);
				MARKETING_VERSION = 0.3.0;
				PRODUCT_BUNDLE_IDENTIFIER = org.swiftable.jabberwocky.JabberwockyHTKit;
				PRODUCT_NAME = JabberwockyHTKit;
				SKIP_INSTALL = YES;
				SWIFT_VERSION = 5.0;
				TARGETED_DEVICE_FAMILY = "1,2";
			};
			name = Debug;
		};
		1E7C64072424090A00D97089 /* Release */ = {
			isa = XCBuildConfiguration;
			buildSettings = {
				CODE_SIGN_STYLE = Automatic;
				DEFINES_MODULE = YES;
				DEVELOPMENT_TEAM = BDJ62329AB;
				DYLIB_COMPATIBILITY_VERSION = 1;
				DYLIB_CURRENT_VERSION = 1;
				DYLIB_INSTALL_NAME_BASE = "@rpath";
				INFOPLIST_FILE = JabberwockyHTKit/Info.plist;
				INSTALL_PATH = "$(LOCAL_LIBRARY_DIR)/Frameworks";
				IPHONEOS_DEPLOYMENT_TARGET = 12.0;
				LD_RUNPATH_SEARCH_PATHS = (
					"$(inherited)",
					"@executable_path/Frameworks",
					"@loader_path/Frameworks",
				);
				MARKETING_VERSION = 0.3.0;
				PRODUCT_BUNDLE_IDENTIFIER = org.swiftable.jabberwocky.JabberwockyHTKit;
				PRODUCT_NAME = JabberwockyHTKit;
				SKIP_INSTALL = YES;
				SWIFT_VERSION = 5.0;
				TARGETED_DEVICE_FAMILY = "1,2";
			};
			name = Release;
		};
		1E7C653424255BA200D97089 /* Debug */ = {
			isa = XCBuildConfiguration;
			buildSettings = {
				ASSETCATALOG_COMPILER_APPICON_NAME = AppIcon;
				CODE_SIGN_STYLE = Automatic;
				DEVELOPMENT_TEAM = BDJ62329AB;
				INFOPLIST_FILE = Tutorials/BasicTutorial/Info.plist;
				IPHONEOS_DEPLOYMENT_TARGET = 12.0;
				LD_RUNPATH_SEARCH_PATHS = (
					"$(inherited)",
					"@executable_path/Frameworks",
				);
				MARKETING_VERSION = 0.1.0;
				PRODUCT_BUNDLE_IDENTIFIER = org.swiftable.jabberwocky.BasicTutorial;
				PRODUCT_NAME = BasicTutorial;
				SWIFT_VERSION = 5.0;
				TARGETED_DEVICE_FAMILY = "1,2";
			};
			name = Debug;
		};
		1E7C653524255BA200D97089 /* Release */ = {
			isa = XCBuildConfiguration;
			buildSettings = {
				ASSETCATALOG_COMPILER_APPICON_NAME = AppIcon;
				CODE_SIGN_STYLE = Automatic;
				DEVELOPMENT_TEAM = BDJ62329AB;
				INFOPLIST_FILE = Tutorials/BasicTutorial/Info.plist;
				IPHONEOS_DEPLOYMENT_TARGET = 12.0;
				LD_RUNPATH_SEARCH_PATHS = (
					"$(inherited)",
					"@executable_path/Frameworks",
				);
				MARKETING_VERSION = 0.1.0;
				PRODUCT_BUNDLE_IDENTIFIER = org.swiftable.jabberwocky.BasicTutorial;
				PRODUCT_NAME = BasicTutorial;
				SWIFT_VERSION = 5.0;
				TARGETED_DEVICE_FAMILY = "1,2";
			};
			name = Release;
		};
/* End XCBuildConfiguration section */

/* Begin XCConfigurationList section */
		1E1E0A3E242E7F53002C4BE0 /* Build configuration list for PBXNativeTarget "BasicTutorial-PodsOnly" */ = {
			isa = XCConfigurationList;
			buildConfigurations = (
				1E1E0A3F242E7F53002C4BE0 /* Debug */,
				1E1E0A40242E7F53002C4BE0 /* Release */,
			);
			defaultConfigurationIsVisible = 0;
			defaultConfigurationName = Release;
		};
		1E1E0A95242E8035002C4BE0 /* Build configuration list for PBXNativeTarget "JabberwockyHTKit-LocalDev" */ = {
			isa = XCConfigurationList;
			buildConfigurations = (
				1E1E0A96242E8035002C4BE0 /* Debug */,
				1E1E0A97242E8035002C4BE0 /* Release */,
			);
			defaultConfigurationIsVisible = 0;
			defaultConfigurationName = Release;
		};
		1E1E0AA6242E8098002C4BE0 /* Build configuration list for PBXNativeTarget "BasicTutorial-LocalDev" */ = {
			isa = XCConfigurationList;
			buildConfigurations = (
				1E1E0AA7242E8098002C4BE0 /* Debug */,
				1E1E0AA8242E8098002C4BE0 /* Release */,
			);
			defaultConfigurationIsVisible = 0;
			defaultConfigurationName = Release;
		};
		1E7C63EB2424090A00D97089 /* Build configuration list for PBXProject "JabberwockyHTKit" */ = {
			isa = XCConfigurationList;
			buildConfigurations = (
				1E7C64032424090A00D97089 /* Debug */,
				1E7C64042424090A00D97089 /* Release */,
			);
			defaultConfigurationIsVisible = 0;
			defaultConfigurationName = Release;
		};
		1E7C64052424090A00D97089 /* Build configuration list for PBXNativeTarget "JabberwockyHTKit" */ = {
			isa = XCConfigurationList;
			buildConfigurations = (
				1E7C64062424090A00D97089 /* Debug */,
				1E7C64072424090A00D97089 /* Release */,
			);
			defaultConfigurationIsVisible = 0;
			defaultConfigurationName = Release;
		};
		1E7C653624255BA200D97089 /* Build configuration list for PBXNativeTarget "BasicTutorial" */ = {
			isa = XCConfigurationList;
			buildConfigurations = (
				1E7C653424255BA200D97089 /* Debug */,
				1E7C653524255BA200D97089 /* Release */,
			);
			defaultConfigurationIsVisible = 0;
			defaultConfigurationName = Release;
		};
/* End XCConfigurationList section */
	};
	rootObject = 1E7C63E82424090A00D97089 /* Project object */;
}
